// !$*UTF8*$!
{
	archiveVersion = 1;
	classes = {
	};
	objectVersion = 46;
	objects = {

/* Begin PBXBuildFile section */
		6B6F6BCB1F020586005445B7 /* UIViewController+Add.m in Sources */ = {isa = PBXBuildFile; fileRef = 6B6F6BCA1F020586005445B7 /* UIViewController+Add.m */; };
		6B6F6BCE1F02087F005445B7 /* DaiLuViewController.m in Sources */ = {isa = PBXBuildFile; fileRef = 6B6F6BCD1F02087F005445B7 /* DaiLuViewController.m */; };
		6B7A42CE1F00B7A200C603BC /* Aplication.swift in Sources */ = {isa = PBXBuildFile; fileRef = 6B7A42CD1F00B7A200C603BC /* Aplication.swift */; };
		6B7A42D11F00DAFB00C603BC /* RedBoxModel.m in Sources */ = {isa = PBXBuildFile; fileRef = 6B7A42D01F00DAFB00C603BC /* RedBoxModel.m */; };
		6B7A42D31F00DCDB00C603BC /* LaoSiJiViewController.swift in Sources */ = {isa = PBXBuildFile; fileRef = 6B7A42D21F00DCDB00C603BC /* LaoSiJiViewController.swift */; };
		6B7A42D81F00E36800C603BC /* HongViewController.m in Sources */ = {isa = PBXBuildFile; fileRef = 6B7A42D51F00E36800C603BC /* HongViewController.m */; };
		6B7A42D91F00E36800C603BC /* HongTableViewCell.m in Sources */ = {isa = PBXBuildFile; fileRef = 6B7A42D71F00E36800C603BC /* HongTableViewCell.m */; };
		6B7A42F41F00E37F00C603BC /* MASCompositeConstraint.m in Sources */ = {isa = PBXBuildFile; fileRef = 6B7A42DC1F00E37F00C603BC /* MASCompositeConstraint.m */; };
		6B7A42F51F00E37F00C603BC /* MASConstraint.m in Sources */ = {isa = PBXBuildFile; fileRef = 6B7A42DF1F00E37F00C603BC /* MASConstraint.m */; };
		6B7A42F61F00E37F00C603BC /* MASConstraintMaker.m in Sources */ = {isa = PBXBuildFile; fileRef = 6B7A42E11F00E37F00C603BC /* MASConstraintMaker.m */; };
		6B7A42F71F00E37F00C603BC /* MASLayoutConstraint.m in Sources */ = {isa = PBXBuildFile; fileRef = 6B7A42E31F00E37F00C603BC /* MASLayoutConstraint.m */; };
		6B7A42F81F00E37F00C603BC /* MASViewAttribute.m in Sources */ = {isa = PBXBuildFile; fileRef = 6B7A42E71F00E37F00C603BC /* MASViewAttribute.m */; };
		6B7A42F91F00E37F00C603BC /* MASViewConstraint.m in Sources */ = {isa = PBXBuildFile; fileRef = 6B7A42E91F00E37F00C603BC /* MASViewConstraint.m */; };
		6B7A42FA1F00E37F00C603BC /* NSArray+MASAdditions.m in Sources */ = {isa = PBXBuildFile; fileRef = 6B7A42EB1F00E37F00C603BC /* NSArray+MASAdditions.m */; };
		6B7A42FB1F00E37F00C603BC /* NSLayoutConstraint+MASDebugAdditions.m in Sources */ = {isa = PBXBuildFile; fileRef = 6B7A42EE1F00E37F00C603BC /* NSLayoutConstraint+MASDebugAdditions.m */; };
		6B7A42FC1F00E37F00C603BC /* View+MASAdditions.m in Sources */ = {isa = PBXBuildFile; fileRef = 6B7A42F01F00E37F00C603BC /* View+MASAdditions.m */; };
		6B7A42FD1F00E37F00C603BC /* ViewController+MASAdditions.m in Sources */ = {isa = PBXBuildFile; fileRef = 6B7A42F31F00E37F00C603BC /* ViewController+MASAdditions.m */; };
		6B7A43001F00E67B00C603BC /* MoviePlayerViewController.m in Sources */ = {isa = PBXBuildFile; fileRef = 6B7A42FF1F00E67B00C603BC /* MoviePlayerViewController.m */; };
		6B7A43641F00E82B00C603BC /* ASValuePopUpView.m in Sources */ = {isa = PBXBuildFile; fileRef = 6B7A43451F00E82B00C603BC /* ASValuePopUpView.m */; };
		6B7A43651F00E82B00C603BC /* ASValueTrackingSlider.m in Sources */ = {isa = PBXBuildFile; fileRef = 6B7A43471F00E82B00C603BC /* ASValueTrackingSlider.m */; };
		6B7A43661F00E82B00C603BC /* UIAlertController+ZFPlayerRotation.m in Sources */ = {isa = PBXBuildFile; fileRef = 6B7A434A1F00E82B00C603BC /* UIAlertController+ZFPlayerRotation.m */; };
		6B7A43671F00E82B00C603BC /* UIImageView+ZFCache.m in Sources */ = {isa = PBXBuildFile; fileRef = 6B7A434C1F00E82B00C603BC /* UIImageView+ZFCache.m */; };
		6B7A43681F00E82B00C603BC /* UINavigationController+ZFPlayerRotation.m in Sources */ = {isa = PBXBuildFile; fileRef = 6B7A434E1F00E82B00C603BC /* UINavigationController+ZFPlayerRotation.m */; };
		6B7A43691F00E82B00C603BC /* UITabBarController+ZFPlayerRotation.m in Sources */ = {isa = PBXBuildFile; fileRef = 6B7A43501F00E82B00C603BC /* UITabBarController+ZFPlayerRotation.m */; };
		6B7A436A1F00E82B00C603BC /* UIView+CustomControlView.m in Sources */ = {isa = PBXBuildFile; fileRef = 6B7A43521F00E82B00C603BC /* UIView+CustomControlView.m */; };
		6B7A436B1F00E82B00C603BC /* UIViewController+ZFPlayerRotation.m in Sources */ = {isa = PBXBuildFile; fileRef = 6B7A43541F00E82B00C603BC /* UIViewController+ZFPlayerRotation.m */; };
		6B7A436C1F00E82B00C603BC /* UIWindow+CurrentViewController.m in Sources */ = {isa = PBXBuildFile; fileRef = 6B7A43561F00E82B00C603BC /* UIWindow+CurrentViewController.m */; };
		6B7A436D1F00E82B00C603BC /* MMMaterialDesignSpinner.m in Sources */ = {isa = PBXBuildFile; fileRef = 6B7A43581F00E82B00C603BC /* MMMaterialDesignSpinner.m */; };
		6B7A436E1F00E82B00C603BC /* ZFBrightnessView.m in Sources */ = {isa = PBXBuildFile; fileRef = 6B7A435A1F00E82B00C603BC /* ZFBrightnessView.m */; };
		6B7A436F1F00E82B00C603BC /* ZFPlayer.bundle in Resources */ = {isa = PBXBuildFile; fileRef = 6B7A435B1F00E82B00C603BC /* ZFPlayer.bundle */; };
		6B7A43701F00E82B00C603BC /* ZFPlayerControlView.m in Sources */ = {isa = PBXBuildFile; fileRef = 6B7A435E1F00E82B00C603BC /* ZFPlayerControlView.m */; };
		6B7A43711F00E82B00C603BC /* ZFPlayerModel.m in Sources */ = {isa = PBXBuildFile; fileRef = 6B7A43611F00E82B00C603BC /* ZFPlayerModel.m */; };
		6B7A43721F00E82B00C603BC /* ZFPlayerView.m in Sources */ = {isa = PBXBuildFile; fileRef = 6B7A43631F00E82B00C603BC /* ZFPlayerView.m */; };
		6B7A43751F01092E00C603BC /* AppModel.m in Sources */ = {isa = PBXBuildFile; fileRef = 6B7A43741F01092E00C603BC /* AppModel.m */; };
		6B7A437A1F01097700C603BC /* VideoUrlModel.m in Sources */ = {isa = PBXBuildFile; fileRef = 6B7A43771F01097700C603BC /* VideoUrlModel.m */; };
		6B7A437B1F01097700C603BC /* VideoPlayModel.m in Sources */ = {isa = PBXBuildFile; fileRef = 6B7A43791F01097700C603BC /* VideoPlayModel.m */; };
		6B7A43AB1F0109FA00C603BC /* MJRefreshAutoFooter.m in Sources */ = {isa = PBXBuildFile; fileRef = 6B7A437F1F0109FA00C603BC /* MJRefreshAutoFooter.m */; };
		6B7A43AC1F0109FA00C603BC /* MJRefreshBackFooter.m in Sources */ = {isa = PBXBuildFile; fileRef = 6B7A43811F0109FA00C603BC /* MJRefreshBackFooter.m */; };
		6B7A43AD1F0109FA00C603BC /* MJRefreshComponent.m in Sources */ = {isa = PBXBuildFile; fileRef = 6B7A43831F0109FA00C603BC /* MJRefreshComponent.m */; };
		6B7A43AE1F0109FA00C603BC /* MJRefreshFooter.m in Sources */ = {isa = PBXBuildFile; fileRef = 6B7A43851F0109FA00C603BC /* MJRefreshFooter.m */; };
		6B7A43AF1F0109FA00C603BC /* MJRefreshHeader.m in Sources */ = {isa = PBXBuildFile; fileRef = 6B7A43871F0109FA00C603BC /* MJRefreshHeader.m */; };
		6B7A43B01F0109FA00C603BC /* MJRefreshAutoGifFooter.m in Sources */ = {isa = PBXBuildFile; fileRef = 6B7A438C1F0109FA00C603BC /* MJRefreshAutoGifFooter.m */; };
		6B7A43B11F0109FA00C603BC /* MJRefreshAutoNormalFooter.m in Sources */ = {isa = PBXBuildFile; fileRef = 6B7A438E1F0109FA00C603BC /* MJRefreshAutoNormalFooter.m */; };
		6B7A43B21F0109FA00C603BC /* MJRefreshAutoStateFooter.m in Sources */ = {isa = PBXBuildFile; fileRef = 6B7A43901F0109FA00C603BC /* MJRefreshAutoStateFooter.m */; };
		6B7A43B31F0109FA00C603BC /* MJRefreshBackGifFooter.m in Sources */ = {isa = PBXBuildFile; fileRef = 6B7A43931F0109FA00C603BC /* MJRefreshBackGifFooter.m */; };
		6B7A43B41F0109FA00C603BC /* MJRefreshBackNormalFooter.m in Sources */ = {isa = PBXBuildFile; fileRef = 6B7A43951F0109FA00C603BC /* MJRefreshBackNormalFooter.m */; };
		6B7A43B51F0109FA00C603BC /* MJRefreshBackStateFooter.m in Sources */ = {isa = PBXBuildFile; fileRef = 6B7A43971F0109FA00C603BC /* MJRefreshBackStateFooter.m */; };
		6B7A43B61F0109FA00C603BC /* MJRefreshGifHeader.m in Sources */ = {isa = PBXBuildFile; fileRef = 6B7A439A1F0109FA00C603BC /* MJRefreshGifHeader.m */; };
		6B7A43B71F0109FA00C603BC /* MJRefreshNormalHeader.m in Sources */ = {isa = PBXBuildFile; fileRef = 6B7A439C1F0109FA00C603BC /* MJRefreshNormalHeader.m */; };
		6B7A43B81F0109FA00C603BC /* MJRefreshStateHeader.m in Sources */ = {isa = PBXBuildFile; fileRef = 6B7A439E1F0109FA00C603BC /* MJRefreshStateHeader.m */; };
		6B7A43B91F0109FA00C603BC /* MJRefresh.bundle in Resources */ = {isa = PBXBuildFile; fileRef = 6B7A439F1F0109FA00C603BC /* MJRefresh.bundle */; };
		6B7A43BA1F0109FA00C603BC /* MJRefreshConst.m in Sources */ = {isa = PBXBuildFile; fileRef = 6B7A43A21F0109FA00C603BC /* MJRefreshConst.m */; };
		6B7A43BB1F0109FA00C603BC /* NSBundle+MJRefresh.m in Sources */ = {isa = PBXBuildFile; fileRef = 6B7A43A41F0109FA00C603BC /* NSBundle+MJRefresh.m */; };
		6B7A43BC1F0109FA00C603BC /* UIScrollView+MJExtension.m in Sources */ = {isa = PBXBuildFile; fileRef = 6B7A43A61F0109FA00C603BC /* UIScrollView+MJExtension.m */; };
		6B7A43BD1F0109FA00C603BC /* UIScrollView+MJRefresh.m in Sources */ = {isa = PBXBuildFile; fileRef = 6B7A43A81F0109FA00C603BC /* UIScrollView+MJRefresh.m */; };
		6B7A43BE1F0109FA00C603BC /* UIView+MJExtension.m in Sources */ = {isa = PBXBuildFile; fileRef = 6B7A43AA1F0109FA00C603BC /* UIView+MJExtension.m */; };
		6B7A43C11F010CF600C603BC /* AppUnitl.m in Sources */ = {isa = PBXBuildFile; fileRef = 6B7A43C01F010CF600C603BC /* AppUnitl.m */; };
		6BA50FAD1F0249F100950E19 /* ALiProgressHUD.m in Sources */ = {isa = PBXBuildFile; fileRef = 6BA50FA31F0249F100950E19 /* ALiProgressHUD.m */; };
		6BA50FAE1F0249F100950E19 /* HUD_error@2x.png in Resources */ = {isa = PBXBuildFile; fileRef = 6BA50FA51F0249F100950E19 /* HUD_error@2x.png */; };
		6BA50FAF1F0249F100950E19 /* HUD_error@3x.png in Resources */ = {isa = PBXBuildFile; fileRef = 6BA50FA61F0249F100950E19 /* HUD_error@3x.png */; };
		6BA50FB01F0249F100950E19 /* HUD_info@2x.png in Resources */ = {isa = PBXBuildFile; fileRef = 6BA50FA71F0249F100950E19 /* HUD_info@2x.png */; };
		6BA50FB11F0249F100950E19 /* HUD_info@3x.png in Resources */ = {isa = PBXBuildFile; fileRef = 6BA50FA81F0249F100950E19 /* HUD_info@3x.png */; };
		6BA50FB21F0249F100950E19 /* HUD_success@2x.png in Resources */ = {isa = PBXBuildFile; fileRef = 6BA50FA91F0249F100950E19 /* HUD_success@2x.png */; };
		6BA50FB31F0249F100950E19 /* HUD_success@3x.png in Resources */ = {isa = PBXBuildFile; fileRef = 6BA50FAA1F0249F100950E19 /* HUD_success@3x.png */; };
		6BA50FB41F0249F100950E19 /* NSObject+ALiHUD.m in Sources */ = {isa = PBXBuildFile; fileRef = 6BA50FAC1F0249F100950E19 /* NSObject+ALiHUD.m */; };
		6BB08B231EF95FA30036882A /* AppDelegate.swift in Sources */ = {isa = PBXBuildFile; fileRef = 6BB08B221EF95FA30036882A /* AppDelegate.swift */; };
		6BB08B251EF95FA30036882A /* ViewController.swift in Sources */ = {isa = PBXBuildFile; fileRef = 6BB08B241EF95FA30036882A /* ViewController.swift */; };
		6BB08B2A1EF95FA30036882A /* Assets.xcassets in Resources */ = {isa = PBXBuildFile; fileRef = 6BB08B291EF95FA30036882A /* Assets.xcassets */; };
		6BB08B2D1EF95FA30036882A /* LaunchScreen.storyboard in Resources */ = {isa = PBXBuildFile; fileRef = 6BB08B2B1EF95FA30036882A /* LaunchScreen.storyboard */; };
		6BB08B381EF95FA30036882A /* PlayerStickHeroTests.swift in Sources */ = {isa = PBXBuildFile; fileRef = 6BB08B371EF95FA30036882A /* PlayerStickHeroTests.swift */; };
		6BB08B431EF95FA30036882A /* PlayerStickHeroUITests.swift in Sources */ = {isa = PBXBuildFile; fileRef = 6BB08B421EF95FA30036882A /* PlayerStickHeroUITests.swift */; };
		6BB08B631EF95FD50036882A /* button_retry_down.png in Resources */ = {isa = PBXBuildFile; fileRef = 6BB08B521EF95FD50036882A /* button_retry_down.png */; };
		6BB08B641EF95FD50036882A /* button_retry_up.png in Resources */ = {isa = PBXBuildFile; fileRef = 6BB08B531EF95FD50036882A /* button_retry_up.png */; };
		6BB08B651EF95FD50036882A /* human1.png in Resources */ = {isa = PBXBuildFile; fileRef = 6BB08B541EF95FD50036882A /* human1.png */; };
		6BB08B661EF95FD50036882A /* human2.png in Resources */ = {isa = PBXBuildFile; fileRef = 6BB08B551EF95FD50036882A /* human2.png */; };
		6BB08B671EF95FD50036882A /* stick_background.jpg in Resources */ = {isa = PBXBuildFile; fileRef = 6BB08B561EF95FD50036882A /* stick_background.jpg */; };
		6BB08B681EF95FD50036882A /* StarExplosion.sks in Resources */ = {isa = PBXBuildFile; fileRef = 6BB08B581EF95FD50036882A /* StarExplosion.sks */; };
		6BB08B691EF95FD50036882A /* starParticle.png in Resources */ = {isa = PBXBuildFile; fileRef = 6BB08B591EF95FD50036882A /* starParticle.png */; };
		6BB08B6A1EF95FD50036882A /* bg_country.mp3 in Resources */ = {isa = PBXBuildFile; fileRef = 6BB08B5B1EF95FD50036882A /* bg_country.mp3 */; };
		6BB08B6B1EF95FD50036882A /* dead.wav in Resources */ = {isa = PBXBuildFile; fileRef = 6BB08B5C1EF95FD50036882A /* dead.wav */; };
		6BB08B6C1EF95FD50036882A /* fall.wav in Resources */ = {isa = PBXBuildFile; fileRef = 6BB08B5D1EF95FD50036882A /* fall.wav */; };
		6BB08B6D1EF95FD50036882A /* highScore.wav in Resources */ = {isa = PBXBuildFile; fileRef = 6BB08B5E1EF95FD50036882A /* highScore.wav */; };
		6BB08B6E1EF95FD50036882A /* kick.wav in Resources */ = {isa = PBXBuildFile; fileRef = 6BB08B5F1EF95FD50036882A /* kick.wav */; };
		6BB08B6F1EF95FD50036882A /* stick_grow_loop.wav in Resources */ = {isa = PBXBuildFile; fileRef = 6BB08B601EF95FD50036882A /* stick_grow_loop.wav */; };
		6BB08B701EF95FD50036882A /* touch_mid.wav in Resources */ = {isa = PBXBuildFile; fileRef = 6BB08B611EF95FD50036882A /* touch_mid.wav */; };
		6BB08B711EF95FD50036882A /* victory.wav in Resources */ = {isa = PBXBuildFile; fileRef = 6BB08B621EF95FD50036882A /* victory.wav */; };
		6BB08B761EF95FEF0036882A /* Defined.swift in Sources */ = {isa = PBXBuildFile; fileRef = 6BB08B721EF95FEF0036882A /* Defined.swift */; };
		6BB08B771EF95FEF0036882A /* GameViewController.swift in Sources */ = {isa = PBXBuildFile; fileRef = 6BB08B731EF95FEF0036882A /* GameViewController.swift */; };
		6BB08B781EF95FEF0036882A /* StickHeroGameScene.swift in Sources */ = {isa = PBXBuildFile; fileRef = 6BB08B741EF95FEF0036882A /* StickHeroGameScene.swift */; };
		6BB08B791EF95FEF0036882A /* Tools.swift in Sources */ = {isa = PBXBuildFile; fileRef = 6BB08B751EF95FEF0036882A /* Tools.swift */; };
		6BB08B7B1EF964530036882A /* Main.storyboard in Resources */ = {isa = PBXBuildFile; fileRef = 6BB08B7A1EF964530036882A /* Main.storyboard */; };
		B45A9D0C62FB7D380CE5BEFD /* Pods_PlayerStickHero.framework in Frameworks */ = {isa = PBXBuildFile; fileRef = 5CCFA78712038EEE42B94733 /* Pods_PlayerStickHero.framework */; };
/* End PBXBuildFile section */

/* Begin PBXContainerItemProxy section */
		6BB08B341EF95FA30036882A /* PBXContainerItemProxy */ = {
			isa = PBXContainerItemProxy;
			containerPortal = 6BB08B171EF95FA30036882A /* Project object */;
			proxyType = 1;
			remoteGlobalIDString = 6BB08B1E1EF95FA30036882A;
			remoteInfo = PlayerStickHero;
		};
		6BB08B3F1EF95FA30036882A /* PBXContainerItemProxy */ = {
			isa = PBXContainerItemProxy;
			containerPortal = 6BB08B171EF95FA30036882A /* Project object */;
			proxyType = 1;
			remoteGlobalIDString = 6BB08B1E1EF95FA30036882A;
			remoteInfo = PlayerStickHero;
		};
/* End PBXContainerItemProxy section */

/* Begin PBXFileReference section */
		465F31237D7C0014F47D1E59 /* Pods-PlayerStickHero.debug.xcconfig */ = {isa = PBXFileReference; includeInIndex = 1; lastKnownFileType = text.xcconfig; name = "Pods-PlayerStickHero.debug.xcconfig"; path = "Pods/Target Support Files/Pods-PlayerStickHero/Pods-PlayerStickHero.debug.xcconfig"; sourceTree = "<group>"; };
		5CCFA78712038EEE42B94733 /* Pods_PlayerStickHero.framework */ = {isa = PBXFileReference; explicitFileType = wrapper.framework; includeInIndex = 0; path = Pods_PlayerStickHero.framework; sourceTree = BUILT_PRODUCTS_DIR; };
		5D21DCAD058F771AB210373C /* Pods-PlayerStickHero.release.xcconfig */ = {isa = PBXFileReference; includeInIndex = 1; lastKnownFileType = text.xcconfig; name = "Pods-PlayerStickHero.release.xcconfig"; path = "Pods/Target Support Files/Pods-PlayerStickHero/Pods-PlayerStickHero.release.xcconfig"; sourceTree = "<group>"; };
		6B6F6BC91F020586005445B7 /* UIViewController+Add.h */ = {isa = PBXFileReference; fileEncoding = 4; lastKnownFileType = sourcecode.c.h; path = "UIViewController+Add.h"; sourceTree = "<group>"; };
		6B6F6BCA1F020586005445B7 /* UIViewController+Add.m */ = {isa = PBXFileReference; fileEncoding = 4; lastKnownFileType = sourcecode.c.objc; path = "UIViewController+Add.m"; sourceTree = "<group>"; };
		6B6F6BCC1F02087F005445B7 /* DaiLuViewController.h */ = {isa = PBXFileReference; fileEncoding = 4; lastKnownFileType = sourcecode.c.h; path = DaiLuViewController.h; sourceTree = "<group>"; };
		6B6F6BCD1F02087F005445B7 /* DaiLuViewController.m */ = {isa = PBXFileReference; fileEncoding = 4; lastKnownFileType = sourcecode.c.objc; path = DaiLuViewController.m; sourceTree = "<group>"; };
		6B78F6D01EFAA7A4009BDEED /* Header.h */ = {isa = PBXFileReference; lastKnownFileType = sourcecode.c.h; path = Header.h; sourceTree = "<group>"; };
		6B7A42CD1F00B7A200C603BC /* Aplication.swift */ = {isa = PBXFileReference; fileEncoding = 4; lastKnownFileType = sourcecode.swift; path = Aplication.swift; sourceTree = "<group>"; };
		6B7A42CF1F00DAFB00C603BC /* RedBoxModel.h */ = {isa = PBXFileReference; fileEncoding = 4; lastKnownFileType = sourcecode.c.h; path = RedBoxModel.h; sourceTree = "<group>"; };
		6B7A42D01F00DAFB00C603BC /* RedBoxModel.m */ = {isa = PBXFileReference; fileEncoding = 4; lastKnownFileType = sourcecode.c.objc; path = RedBoxModel.m; sourceTree = "<group>"; };
		6B7A42D21F00DCDB00C603BC /* LaoSiJiViewController.swift */ = {isa = PBXFileReference; fileEncoding = 4; lastKnownFileType = sourcecode.swift; path = LaoSiJiViewController.swift; sourceTree = "<group>"; };
		6B7A42D41F00E36800C603BC /* HongViewController.h */ = {isa = PBXFileReference; fileEncoding = 4; lastKnownFileType = sourcecode.c.h; path = HongViewController.h; sourceTree = "<group>"; };
		6B7A42D51F00E36800C603BC /* HongViewController.m */ = {isa = PBXFileReference; fileEncoding = 4; lastKnownFileType = sourcecode.c.objc; path = HongViewController.m; sourceTree = "<group>"; };
		6B7A42D61F00E36800C603BC /* HongTableViewCell.h */ = {isa = PBXFileReference; fileEncoding = 4; lastKnownFileType = sourcecode.c.h; path = HongTableViewCell.h; sourceTree = "<group>"; };
		6B7A42D71F00E36800C603BC /* HongTableViewCell.m */ = {isa = PBXFileReference; fileEncoding = 4; lastKnownFileType = sourcecode.c.objc; path = HongTableViewCell.m; sourceTree = "<group>"; };
		6B7A42DB1F00E37F00C603BC /* MASCompositeConstraint.h */ = {isa = PBXFileReference; fileEncoding = 4; lastKnownFileType = sourcecode.c.h; path = MASCompositeConstraint.h; sourceTree = "<group>"; };
		6B7A42DC1F00E37F00C603BC /* MASCompositeConstraint.m */ = {isa = PBXFileReference; fileEncoding = 4; lastKnownFileType = sourcecode.c.objc; path = MASCompositeConstraint.m; sourceTree = "<group>"; };
		6B7A42DD1F00E37F00C603BC /* MASConstraint+Private.h */ = {isa = PBXFileReference; fileEncoding = 4; lastKnownFileType = sourcecode.c.h; path = "MASConstraint+Private.h"; sourceTree = "<group>"; };
		6B7A42DE1F00E37F00C603BC /* MASConstraint.h */ = {isa = PBXFileReference; fileEncoding = 4; lastKnownFileType = sourcecode.c.h; path = MASConstraint.h; sourceTree = "<group>"; };
		6B7A42DF1F00E37F00C603BC /* MASConstraint.m */ = {isa = PBXFileReference; fileEncoding = 4; lastKnownFileType = sourcecode.c.objc; path = MASConstraint.m; sourceTree = "<group>"; };
		6B7A42E01F00E37F00C603BC /* MASConstraintMaker.h */ = {isa = PBXFileReference; fileEncoding = 4; lastKnownFileType = sourcecode.c.h; path = MASConstraintMaker.h; sourceTree = "<group>"; };
		6B7A42E11F00E37F00C603BC /* MASConstraintMaker.m */ = {isa = PBXFileReference; fileEncoding = 4; lastKnownFileType = sourcecode.c.objc; path = MASConstraintMaker.m; sourceTree = "<group>"; };
		6B7A42E21F00E37F00C603BC /* MASLayoutConstraint.h */ = {isa = PBXFileReference; fileEncoding = 4; lastKnownFileType = sourcecode.c.h; path = MASLayoutConstraint.h; sourceTree = "<group>"; };
		6B7A42E31F00E37F00C603BC /* MASLayoutConstraint.m */ = {isa = PBXFileReference; fileEncoding = 4; lastKnownFileType = sourcecode.c.objc; path = MASLayoutConstraint.m; sourceTree = "<group>"; };
		6B7A42E41F00E37F00C603BC /* Masonry.h */ = {isa = PBXFileReference; fileEncoding = 4; lastKnownFileType = sourcecode.c.h; path = Masonry.h; sourceTree = "<group>"; };
		6B7A42E51F00E37F00C603BC /* MASUtilities.h */ = {isa = PBXFileReference; fileEncoding = 4; lastKnownFileType = sourcecode.c.h; path = MASUtilities.h; sourceTree = "<group>"; };
		6B7A42E61F00E37F00C603BC /* MASViewAttribute.h */ = {isa = PBXFileReference; fileEncoding = 4; lastKnownFileType = sourcecode.c.h; path = MASViewAttribute.h; sourceTree = "<group>"; };
		6B7A42E71F00E37F00C603BC /* MASViewAttribute.m */ = {isa = PBXFileReference; fileEncoding = 4; lastKnownFileType = sourcecode.c.objc; path = MASViewAttribute.m; sourceTree = "<group>"; };
		6B7A42E81F00E37F00C603BC /* MASViewConstraint.h */ = {isa = PBXFileReference; fileEncoding = 4; lastKnownFileType = sourcecode.c.h; path = MASViewConstraint.h; sourceTree = "<group>"; };
		6B7A42E91F00E37F00C603BC /* MASViewConstraint.m */ = {isa = PBXFileReference; fileEncoding = 4; lastKnownFileType = sourcecode.c.objc; path = MASViewConstraint.m; sourceTree = "<group>"; };
		6B7A42EA1F00E37F00C603BC /* NSArray+MASAdditions.h */ = {isa = PBXFileReference; fileEncoding = 4; lastKnownFileType = sourcecode.c.h; path = "NSArray+MASAdditions.h"; sourceTree = "<group>"; };
		6B7A42EB1F00E37F00C603BC /* NSArray+MASAdditions.m */ = {isa = PBXFileReference; fileEncoding = 4; lastKnownFileType = sourcecode.c.objc; path = "NSArray+MASAdditions.m"; sourceTree = "<group>"; };
		6B7A42EC1F00E37F00C603BC /* NSArray+MASShorthandAdditions.h */ = {isa = PBXFileReference; fileEncoding = 4; lastKnownFileType = sourcecode.c.h; path = "NSArray+MASShorthandAdditions.h"; sourceTree = "<group>"; };
		6B7A42ED1F00E37F00C603BC /* NSLayoutConstraint+MASDebugAdditions.h */ = {isa = PBXFileReference; fileEncoding = 4; lastKnownFileType = sourcecode.c.h; path = "NSLayoutConstraint+MASDebugAdditions.h"; sourceTree = "<group>"; };
		6B7A42EE1F00E37F00C603BC /* NSLayoutConstraint+MASDebugAdditions.m */ = {isa = PBXFileReference; fileEncoding = 4; lastKnownFileType = sourcecode.c.objc; path = "NSLayoutConstraint+MASDebugAdditions.m"; sourceTree = "<group>"; };
		6B7A42EF1F00E37F00C603BC /* View+MASAdditions.h */ = {isa = PBXFileReference; fileEncoding = 4; lastKnownFileType = sourcecode.c.h; path = "View+MASAdditions.h"; sourceTree = "<group>"; };
		6B7A42F01F00E37F00C603BC /* View+MASAdditions.m */ = {isa = PBXFileReference; fileEncoding = 4; lastKnownFileType = sourcecode.c.objc; path = "View+MASAdditions.m"; sourceTree = "<group>"; };
		6B7A42F11F00E37F00C603BC /* View+MASShorthandAdditions.h */ = {isa = PBXFileReference; fileEncoding = 4; lastKnownFileType = sourcecode.c.h; path = "View+MASShorthandAdditions.h"; sourceTree = "<group>"; };
		6B7A42F21F00E37F00C603BC /* ViewController+MASAdditions.h */ = {isa = PBXFileReference; fileEncoding = 4; lastKnownFileType = sourcecode.c.h; path = "ViewController+MASAdditions.h"; sourceTree = "<group>"; };
		6B7A42F31F00E37F00C603BC /* ViewController+MASAdditions.m */ = {isa = PBXFileReference; fileEncoding = 4; lastKnownFileType = sourcecode.c.objc; path = "ViewController+MASAdditions.m"; sourceTree = "<group>"; };
		6B7A42FE1F00E67B00C603BC /* MoviePlayerViewController.h */ = {isa = PBXFileReference; fileEncoding = 4; lastKnownFileType = sourcecode.c.h; path = MoviePlayerViewController.h; sourceTree = "<group>"; };
		6B7A42FF1F00E67B00C603BC /* MoviePlayerViewController.m */ = {isa = PBXFileReference; fileEncoding = 4; lastKnownFileType = sourcecode.c.objc; path = MoviePlayerViewController.m; sourceTree = "<group>"; };
		6B7A43441F00E82B00C603BC /* ASValuePopUpView.h */ = {isa = PBXFileReference; fileEncoding = 4; lastKnownFileType = sourcecode.c.h; path = ASValuePopUpView.h; sourceTree = "<group>"; };
		6B7A43451F00E82B00C603BC /* ASValuePopUpView.m */ = {isa = PBXFileReference; fileEncoding = 4; lastKnownFileType = sourcecode.c.objc; path = ASValuePopUpView.m; sourceTree = "<group>"; };
		6B7A43461F00E82B00C603BC /* ASValueTrackingSlider.h */ = {isa = PBXFileReference; fileEncoding = 4; lastKnownFileType = sourcecode.c.h; path = ASValueTrackingSlider.h; sourceTree = "<group>"; };
		6B7A43471F00E82B00C603BC /* ASValueTrackingSlider.m */ = {isa = PBXFileReference; fileEncoding = 4; lastKnownFileType = sourcecode.c.objc; path = ASValueTrackingSlider.m; sourceTree = "<group>"; };
		6B7A43491F00E82B00C603BC /* UIAlertController+ZFPlayerRotation.h */ = {isa = PBXFileReference; fileEncoding = 4; lastKnownFileType = sourcecode.c.h; path = "UIAlertController+ZFPlayerRotation.h"; sourceTree = "<group>"; };
		6B7A434A1F00E82B00C603BC /* UIAlertController+ZFPlayerRotation.m */ = {isa = PBXFileReference; fileEncoding = 4; lastKnownFileType = sourcecode.c.objc; path = "UIAlertController+ZFPlayerRotation.m"; sourceTree = "<group>"; };
		6B7A434B1F00E82B00C603BC /* UIImageView+ZFCache.h */ = {isa = PBXFileReference; fileEncoding = 4; lastKnownFileType = sourcecode.c.h; path = "UIImageView+ZFCache.h"; sourceTree = "<group>"; };
		6B7A434C1F00E82B00C603BC /* UIImageView+ZFCache.m */ = {isa = PBXFileReference; fileEncoding = 4; lastKnownFileType = sourcecode.c.objc; path = "UIImageView+ZFCache.m"; sourceTree = "<group>"; };
		6B7A434D1F00E82B00C603BC /* UINavigationController+ZFPlayerRotation.h */ = {isa = PBXFileReference; fileEncoding = 4; lastKnownFileType = sourcecode.c.h; path = "UINavigationController+ZFPlayerRotation.h"; sourceTree = "<group>"; };
		6B7A434E1F00E82B00C603BC /* UINavigationController+ZFPlayerRotation.m */ = {isa = PBXFileReference; fileEncoding = 4; lastKnownFileType = sourcecode.c.objc; path = "UINavigationController+ZFPlayerRotation.m"; sourceTree = "<group>"; };
		6B7A434F1F00E82B00C603BC /* UITabBarController+ZFPlayerRotation.h */ = {isa = PBXFileReference; fileEncoding = 4; lastKnownFileType = sourcecode.c.h; path = "UITabBarController+ZFPlayerRotation.h"; sourceTree = "<group>"; };
		6B7A43501F00E82B00C603BC /* UITabBarController+ZFPlayerRotation.m */ = {isa = PBXFileReference; fileEncoding = 4; lastKnownFileType = sourcecode.c.objc; path = "UITabBarController+ZFPlayerRotation.m"; sourceTree = "<group>"; };
		6B7A43511F00E82B00C603BC /* UIView+CustomControlView.h */ = {isa = PBXFileReference; fileEncoding = 4; lastKnownFileType = sourcecode.c.h; path = "UIView+CustomControlView.h"; sourceTree = "<group>"; };
		6B7A43521F00E82B00C603BC /* UIView+CustomControlView.m */ = {isa = PBXFileReference; fileEncoding = 4; lastKnownFileType = sourcecode.c.objc; path = "UIView+CustomControlView.m"; sourceTree = "<group>"; };
		6B7A43531F00E82B00C603BC /* UIViewController+ZFPlayerRotation.h */ = {isa = PBXFileReference; fileEncoding = 4; lastKnownFileType = sourcecode.c.h; path = "UIViewController+ZFPlayerRotation.h"; sourceTree = "<group>"; };
		6B7A43541F00E82B00C603BC /* UIViewController+ZFPlayerRotation.m */ = {isa = PBXFileReference; fileEncoding = 4; lastKnownFileType = sourcecode.c.objc; path = "UIViewController+ZFPlayerRotation.m"; sourceTree = "<group>"; };
		6B7A43551F00E82B00C603BC /* UIWindow+CurrentViewController.h */ = {isa = PBXFileReference; fileEncoding = 4; lastKnownFileType = sourcecode.c.h; path = "UIWindow+CurrentViewController.h"; sourceTree = "<group>"; };
		6B7A43561F00E82B00C603BC /* UIWindow+CurrentViewController.m */ = {isa = PBXFileReference; fileEncoding = 4; lastKnownFileType = sourcecode.c.objc; path = "UIWindow+CurrentViewController.m"; sourceTree = "<group>"; };
		6B7A43571F00E82B00C603BC /* MMMaterialDesignSpinner.h */ = {isa = PBXFileReference; fileEncoding = 4; lastKnownFileType = sourcecode.c.h; path = MMMaterialDesignSpinner.h; sourceTree = "<group>"; };
		6B7A43581F00E82B00C603BC /* MMMaterialDesignSpinner.m */ = {isa = PBXFileReference; fileEncoding = 4; lastKnownFileType = sourcecode.c.objc; path = MMMaterialDesignSpinner.m; sourceTree = "<group>"; };
		6B7A43591F00E82B00C603BC /* ZFBrightnessView.h */ = {isa = PBXFileReference; fileEncoding = 4; lastKnownFileType = sourcecode.c.h; path = ZFBrightnessView.h; sourceTree = "<group>"; };
		6B7A435A1F00E82B00C603BC /* ZFBrightnessView.m */ = {isa = PBXFileReference; fileEncoding = 4; lastKnownFileType = sourcecode.c.objc; path = ZFBrightnessView.m; sourceTree = "<group>"; };
		6B7A435B1F00E82B00C603BC /* ZFPlayer.bundle */ = {isa = PBXFileReference; lastKnownFileType = "wrapper.plug-in"; path = ZFPlayer.bundle; sourceTree = "<group>"; };
		6B7A435C1F00E82B00C603BC /* ZFPlayer.h */ = {isa = PBXFileReference; fileEncoding = 4; lastKnownFileType = sourcecode.c.h; path = ZFPlayer.h; sourceTree = "<group>"; };
		6B7A435D1F00E82B00C603BC /* ZFPlayerControlView.h */ = {isa = PBXFileReference; fileEncoding = 4; lastKnownFileType = sourcecode.c.h; path = ZFPlayerControlView.h; sourceTree = "<group>"; };
		6B7A435E1F00E82B00C603BC /* ZFPlayerControlView.m */ = {isa = PBXFileReference; fileEncoding = 4; lastKnownFileType = sourcecode.c.objc; path = ZFPlayerControlView.m; sourceTree = "<group>"; };
		6B7A435F1F00E82B00C603BC /* ZFPlayerControlViewDelegate.h */ = {isa = PBXFileReference; fileEncoding = 4; lastKnownFileType = sourcecode.c.h; path = ZFPlayerControlViewDelegate.h; sourceTree = "<group>"; };
		6B7A43601F00E82B00C603BC /* ZFPlayerModel.h */ = {isa = PBXFileReference; fileEncoding = 4; lastKnownFileType = sourcecode.c.h; path = ZFPlayerModel.h; sourceTree = "<group>"; };
		6B7A43611F00E82B00C603BC /* ZFPlayerModel.m */ = {isa = PBXFileReference; fileEncoding = 4; lastKnownFileType = sourcecode.c.objc; path = ZFPlayerModel.m; sourceTree = "<group>"; };
		6B7A43621F00E82B00C603BC /* ZFPlayerView.h */ = {isa = PBXFileReference; fileEncoding = 4; lastKnownFileType = sourcecode.c.h; path = ZFPlayerView.h; sourceTree = "<group>"; };
		6B7A43631F00E82B00C603BC /* ZFPlayerView.m */ = {isa = PBXFileReference; fileEncoding = 4; lastKnownFileType = sourcecode.c.objc; path = ZFPlayerView.m; sourceTree = "<group>"; };
		6B7A43731F01092E00C603BC /* AppModel.h */ = {isa = PBXFileReference; fileEncoding = 4; lastKnownFileType = sourcecode.c.h; path = AppModel.h; sourceTree = "<group>"; };
		6B7A43741F01092E00C603BC /* AppModel.m */ = {isa = PBXFileReference; fileEncoding = 4; lastKnownFileType = sourcecode.c.objc; path = AppModel.m; sourceTree = "<group>"; };
		6B7A43761F01097700C603BC /* VideoUrlModel.h */ = {isa = PBXFileReference; fileEncoding = 4; lastKnownFileType = sourcecode.c.h; path = VideoUrlModel.h; sourceTree = "<group>"; };
		6B7A43771F01097700C603BC /* VideoUrlModel.m */ = {isa = PBXFileReference; fileEncoding = 4; lastKnownFileType = sourcecode.c.objc; path = VideoUrlModel.m; sourceTree = "<group>"; };
		6B7A43781F01097700C603BC /* VideoPlayModel.h */ = {isa = PBXFileReference; fileEncoding = 4; lastKnownFileType = sourcecode.c.h; path = VideoPlayModel.h; sourceTree = "<group>"; };
		6B7A43791F01097700C603BC /* VideoPlayModel.m */ = {isa = PBXFileReference; fileEncoding = 4; lastKnownFileType = sourcecode.c.objc; path = VideoPlayModel.m; sourceTree = "<group>"; };
		6B7A437E1F0109FA00C603BC /* MJRefreshAutoFooter.h */ = {isa = PBXFileReference; fileEncoding = 4; lastKnownFileType = sourcecode.c.h; path = MJRefreshAutoFooter.h; sourceTree = "<group>"; };
		6B7A437F1F0109FA00C603BC /* MJRefreshAutoFooter.m */ = {isa = PBXFileReference; fileEncoding = 4; lastKnownFileType = sourcecode.c.objc; path = MJRefreshAutoFooter.m; sourceTree = "<group>"; };
		6B7A43801F0109FA00C603BC /* MJRefreshBackFooter.h */ = {isa = PBXFileReference; fileEncoding = 4; lastKnownFileType = sourcecode.c.h; path = MJRefreshBackFooter.h; sourceTree = "<group>"; };
		6B7A43811F0109FA00C603BC /* MJRefreshBackFooter.m */ = {isa = PBXFileReference; fileEncoding = 4; lastKnownFileType = sourcecode.c.objc; path = MJRefreshBackFooter.m; sourceTree = "<group>"; };
		6B7A43821F0109FA00C603BC /* MJRefreshComponent.h */ = {isa = PBXFileReference; fileEncoding = 4; lastKnownFileType = sourcecode.c.h; path = MJRefreshComponent.h; sourceTree = "<group>"; };
		6B7A43831F0109FA00C603BC /* MJRefreshComponent.m */ = {isa = PBXFileReference; fileEncoding = 4; lastKnownFileType = sourcecode.c.objc; path = MJRefreshComponent.m; sourceTree = "<group>"; };
		6B7A43841F0109FA00C603BC /* MJRefreshFooter.h */ = {isa = PBXFileReference; fileEncoding = 4; lastKnownFileType = sourcecode.c.h; path = MJRefreshFooter.h; sourceTree = "<group>"; };
		6B7A43851F0109FA00C603BC /* MJRefreshFooter.m */ = {isa = PBXFileReference; fileEncoding = 4; lastKnownFileType = sourcecode.c.objc; path = MJRefreshFooter.m; sourceTree = "<group>"; };
		6B7A43861F0109FA00C603BC /* MJRefreshHeader.h */ = {isa = PBXFileReference; fileEncoding = 4; lastKnownFileType = sourcecode.c.h; path = MJRefreshHeader.h; sourceTree = "<group>"; };
		6B7A43871F0109FA00C603BC /* MJRefreshHeader.m */ = {isa = PBXFileReference; fileEncoding = 4; lastKnownFileType = sourcecode.c.objc; path = MJRefreshHeader.m; sourceTree = "<group>"; };
		6B7A438B1F0109FA00C603BC /* MJRefreshAutoGifFooter.h */ = {isa = PBXFileReference; fileEncoding = 4; lastKnownFileType = sourcecode.c.h; path = MJRefreshAutoGifFooter.h; sourceTree = "<group>"; };
		6B7A438C1F0109FA00C603BC /* MJRefreshAutoGifFooter.m */ = {isa = PBXFileReference; fileEncoding = 4; lastKnownFileType = sourcecode.c.objc; path = MJRefreshAutoGifFooter.m; sourceTree = "<group>"; };
		6B7A438D1F0109FA00C603BC /* MJRefreshAutoNormalFooter.h */ = {isa = PBXFileReference; fileEncoding = 4; lastKnownFileType = sourcecode.c.h; path = MJRefreshAutoNormalFooter.h; sourceTree = "<group>"; };
		6B7A438E1F0109FA00C603BC /* MJRefreshAutoNormalFooter.m */ = {isa = PBXFileReference; fileEncoding = 4; lastKnownFileType = sourcecode.c.objc; path = MJRefreshAutoNormalFooter.m; sourceTree = "<group>"; };
		6B7A438F1F0109FA00C603BC /* MJRefreshAutoStateFooter.h */ = {isa = PBXFileReference; fileEncoding = 4; lastKnownFileType = sourcecode.c.h; path = MJRefreshAutoStateFooter.h; sourceTree = "<group>"; };
		6B7A43901F0109FA00C603BC /* MJRefreshAutoStateFooter.m */ = {isa = PBXFileReference; fileEncoding = 4; lastKnownFileType = sourcecode.c.objc; path = MJRefreshAutoStateFooter.m; sourceTree = "<group>"; };
		6B7A43921F0109FA00C603BC /* MJRefreshBackGifFooter.h */ = {isa = PBXFileReference; fileEncoding = 4; lastKnownFileType = sourcecode.c.h; path = MJRefreshBackGifFooter.h; sourceTree = "<group>"; };
		6B7A43931F0109FA00C603BC /* MJRefreshBackGifFooter.m */ = {isa = PBXFileReference; fileEncoding = 4; lastKnownFileType = sourcecode.c.objc; path = MJRefreshBackGifFooter.m; sourceTree = "<group>"; };
		6B7A43941F0109FA00C603BC /* MJRefreshBackNormalFooter.h */ = {isa = PBXFileReference; fileEncoding = 4; lastKnownFileType = sourcecode.c.h; path = MJRefreshBackNormalFooter.h; sourceTree = "<group>"; };
		6B7A43951F0109FA00C603BC /* MJRefreshBackNormalFooter.m */ = {isa = PBXFileReference; fileEncoding = 4; lastKnownFileType = sourcecode.c.objc; path = MJRefreshBackNormalFooter.m; sourceTree = "<group>"; };
		6B7A43961F0109FA00C603BC /* MJRefreshBackStateFooter.h */ = {isa = PBXFileReference; fileEncoding = 4; lastKnownFileType = sourcecode.c.h; path = MJRefreshBackStateFooter.h; sourceTree = "<group>"; };
		6B7A43971F0109FA00C603BC /* MJRefreshBackStateFooter.m */ = {isa = PBXFileReference; fileEncoding = 4; lastKnownFileType = sourcecode.c.objc; path = MJRefreshBackStateFooter.m; sourceTree = "<group>"; };
		6B7A43991F0109FA00C603BC /* MJRefreshGifHeader.h */ = {isa = PBXFileReference; fileEncoding = 4; lastKnownFileType = sourcecode.c.h; path = MJRefreshGifHeader.h; sourceTree = "<group>"; };
		6B7A439A1F0109FA00C603BC /* MJRefreshGifHeader.m */ = {isa = PBXFileReference; fileEncoding = 4; lastKnownFileType = sourcecode.c.objc; path = MJRefreshGifHeader.m; sourceTree = "<group>"; };
		6B7A439B1F0109FA00C603BC /* MJRefreshNormalHeader.h */ = {isa = PBXFileReference; fileEncoding = 4; lastKnownFileType = sourcecode.c.h; path = MJRefreshNormalHeader.h; sourceTree = "<group>"; };
		6B7A439C1F0109FA00C603BC /* MJRefreshNormalHeader.m */ = {isa = PBXFileReference; fileEncoding = 4; lastKnownFileType = sourcecode.c.objc; path = MJRefreshNormalHeader.m; sourceTree = "<group>"; };
		6B7A439D1F0109FA00C603BC /* MJRefreshStateHeader.h */ = {isa = PBXFileReference; fileEncoding = 4; lastKnownFileType = sourcecode.c.h; path = MJRefreshStateHeader.h; sourceTree = "<group>"; };
		6B7A439E1F0109FA00C603BC /* MJRefreshStateHeader.m */ = {isa = PBXFileReference; fileEncoding = 4; lastKnownFileType = sourcecode.c.objc; path = MJRefreshStateHeader.m; sourceTree = "<group>"; };
		6B7A439F1F0109FA00C603BC /* MJRefresh.bundle */ = {isa = PBXFileReference; lastKnownFileType = "wrapper.plug-in"; path = MJRefresh.bundle; sourceTree = "<group>"; };
		6B7A43A01F0109FA00C603BC /* MJRefresh.h */ = {isa = PBXFileReference; fileEncoding = 4; lastKnownFileType = sourcecode.c.h; path = MJRefresh.h; sourceTree = "<group>"; };
		6B7A43A11F0109FA00C603BC /* MJRefreshConst.h */ = {isa = PBXFileReference; fileEncoding = 4; lastKnownFileType = sourcecode.c.h; path = MJRefreshConst.h; sourceTree = "<group>"; };
		6B7A43A21F0109FA00C603BC /* MJRefreshConst.m */ = {isa = PBXFileReference; fileEncoding = 4; lastKnownFileType = sourcecode.c.objc; path = MJRefreshConst.m; sourceTree = "<group>"; };
		6B7A43A31F0109FA00C603BC /* NSBundle+MJRefresh.h */ = {isa = PBXFileReference; fileEncoding = 4; lastKnownFileType = sourcecode.c.h; path = "NSBundle+MJRefresh.h"; sourceTree = "<group>"; };
		6B7A43A41F0109FA00C603BC /* NSBundle+MJRefresh.m */ = {isa = PBXFileReference; fileEncoding = 4; lastKnownFileType = sourcecode.c.objc; path = "NSBundle+MJRefresh.m"; sourceTree = "<group>"; };
		6B7A43A51F0109FA00C603BC /* UIScrollView+MJExtension.h */ = {isa = PBXFileReference; fileEncoding = 4; lastKnownFileType = sourcecode.c.h; path = "UIScrollView+MJExtension.h"; sourceTree = "<group>"; };
		6B7A43A61F0109FA00C603BC /* UIScrollView+MJExtension.m */ = {isa = PBXFileReference; fileEncoding = 4; lastKnownFileType = sourcecode.c.objc; path = "UIScrollView+MJExtension.m"; sourceTree = "<group>"; };
		6B7A43A71F0109FA00C603BC /* UIScrollView+MJRefresh.h */ = {isa = PBXFileReference; fileEncoding = 4; lastKnownFileType = sourcecode.c.h; path = "UIScrollView+MJRefresh.h"; sourceTree = "<group>"; };
		6B7A43A81F0109FA00C603BC /* UIScrollView+MJRefresh.m */ = {isa = PBXFileReference; fileEncoding = 4; lastKnownFileType = sourcecode.c.objc; path = "UIScrollView+MJRefresh.m"; sourceTree = "<group>"; };
		6B7A43A91F0109FA00C603BC /* UIView+MJExtension.h */ = {isa = PBXFileReference; fileEncoding = 4; lastKnownFileType = sourcecode.c.h; path = "UIView+MJExtension.h"; sourceTree = "<group>"; };
		6B7A43AA1F0109FA00C603BC /* UIView+MJExtension.m */ = {isa = PBXFileReference; fileEncoding = 4; lastKnownFileType = sourcecode.c.objc; path = "UIView+MJExtension.m"; sourceTree = "<group>"; };
		6B7A43BF1F010CF600C603BC /* AppUnitl.h */ = {isa = PBXFileReference; fileEncoding = 4; lastKnownFileType = sourcecode.c.h; path = AppUnitl.h; sourceTree = "<group>"; };
		6B7A43C01F010CF600C603BC /* AppUnitl.m */ = {isa = PBXFileReference; fileEncoding = 4; lastKnownFileType = sourcecode.c.objc; path = AppUnitl.m; sourceTree = "<group>"; };
		6BA50FA21F0249F100950E19 /* ALiProgressHUD.h */ = {isa = PBXFileReference; fileEncoding = 4; lastKnownFileType = sourcecode.c.h; path = ALiProgressHUD.h; sourceTree = "<group>"; };
		6BA50FA31F0249F100950E19 /* ALiProgressHUD.m */ = {isa = PBXFileReference; fileEncoding = 4; lastKnownFileType = sourcecode.c.objc; path = ALiProgressHUD.m; sourceTree = "<group>"; };
		6BA50FA51F0249F100950E19 /* HUD_error@2x.png */ = {isa = PBXFileReference; lastKnownFileType = image.png; path = "HUD_error@2x.png"; sourceTree = "<group>"; };
		6BA50FA61F0249F100950E19 /* HUD_error@3x.png */ = {isa = PBXFileReference; lastKnownFileType = image.png; path = "HUD_error@3x.png"; sourceTree = "<group>"; };
		6BA50FA71F0249F100950E19 /* HUD_info@2x.png */ = {isa = PBXFileReference; lastKnownFileType = image.png; path = "HUD_info@2x.png"; sourceTree = "<group>"; };
		6BA50FA81F0249F100950E19 /* HUD_info@3x.png */ = {isa = PBXFileReference; lastKnownFileType = image.png; path = "HUD_info@3x.png"; sourceTree = "<group>"; };
		6BA50FA91F0249F100950E19 /* HUD_success@2x.png */ = {isa = PBXFileReference; lastKnownFileType = image.png; path = "HUD_success@2x.png"; sourceTree = "<group>"; };
		6BA50FAA1F0249F100950E19 /* HUD_success@3x.png */ = {isa = PBXFileReference; lastKnownFileType = image.png; path = "HUD_success@3x.png"; sourceTree = "<group>"; };
		6BA50FAB1F0249F100950E19 /* NSObject+ALiHUD.h */ = {isa = PBXFileReference; fileEncoding = 4; lastKnownFileType = sourcecode.c.h; path = "NSObject+ALiHUD.h"; sourceTree = "<group>"; };
		6BA50FAC1F0249F100950E19 /* NSObject+ALiHUD.m */ = {isa = PBXFileReference; fileEncoding = 4; lastKnownFileType = sourcecode.c.objc; path = "NSObject+ALiHUD.m"; sourceTree = "<group>"; };
		6BB08B1F1EF95FA30036882A /* PlayerStickHero.app */ = {isa = PBXFileReference; explicitFileType = wrapper.application; includeInIndex = 0; path = PlayerStickHero.app; sourceTree = BUILT_PRODUCTS_DIR; };
		6BB08B221EF95FA30036882A /* AppDelegate.swift */ = {isa = PBXFileReference; lastKnownFileType = sourcecode.swift; path = AppDelegate.swift; sourceTree = "<group>"; };
		6BB08B241EF95FA30036882A /* ViewController.swift */ = {isa = PBXFileReference; lastKnownFileType = sourcecode.swift; path = ViewController.swift; sourceTree = "<group>"; };
		6BB08B291EF95FA30036882A /* Assets.xcassets */ = {isa = PBXFileReference; lastKnownFileType = folder.assetcatalog; path = Assets.xcassets; sourceTree = "<group>"; };
		6BB08B2C1EF95FA30036882A /* Base */ = {isa = PBXFileReference; lastKnownFileType = file.storyboard; name = Base; path = Base.lproj/LaunchScreen.storyboard; sourceTree = "<group>"; };
		6BB08B2E1EF95FA30036882A /* Info.plist */ = {isa = PBXFileReference; lastKnownFileType = text.plist.xml; path = Info.plist; sourceTree = "<group>"; };
		6BB08B331EF95FA30036882A /* PlayerStickHeroTests.xctest */ = {isa = PBXFileReference; explicitFileType = wrapper.cfbundle; includeInIndex = 0; path = PlayerStickHeroTests.xctest; sourceTree = BUILT_PRODUCTS_DIR; };
		6BB08B371EF95FA30036882A /* PlayerStickHeroTests.swift */ = {isa = PBXFileReference; lastKnownFileType = sourcecode.swift; path = PlayerStickHeroTests.swift; sourceTree = "<group>"; };
		6BB08B391EF95FA30036882A /* Info.plist */ = {isa = PBXFileReference; lastKnownFileType = text.plist.xml; path = Info.plist; sourceTree = "<group>"; };
		6BB08B3E1EF95FA30036882A /* PlayerStickHeroUITests.xctest */ = {isa = PBXFileReference; explicitFileType = wrapper.cfbundle; includeInIndex = 0; path = PlayerStickHeroUITests.xctest; sourceTree = BUILT_PRODUCTS_DIR; };
		6BB08B421EF95FA30036882A /* PlayerStickHeroUITests.swift */ = {isa = PBXFileReference; lastKnownFileType = sourcecode.swift; path = PlayerStickHeroUITests.swift; sourceTree = "<group>"; };
		6BB08B441EF95FA30036882A /* Info.plist */ = {isa = PBXFileReference; lastKnownFileType = text.plist.xml; path = Info.plist; sourceTree = "<group>"; };
		6BB08B521EF95FD50036882A /* button_retry_down.png */ = {isa = PBXFileReference; lastKnownFileType = image.png; path = button_retry_down.png; sourceTree = "<group>"; };
		6BB08B531EF95FD50036882A /* button_retry_up.png */ = {isa = PBXFileReference; lastKnownFileType = image.png; path = button_retry_up.png; sourceTree = "<group>"; };
		6BB08B541EF95FD50036882A /* human1.png */ = {isa = PBXFileReference; lastKnownFileType = image.png; path = human1.png; sourceTree = "<group>"; };
		6BB08B551EF95FD50036882A /* human2.png */ = {isa = PBXFileReference; lastKnownFileType = image.png; path = human2.png; sourceTree = "<group>"; };
		6BB08B561EF95FD50036882A /* stick_background.jpg */ = {isa = PBXFileReference; lastKnownFileType = image.jpeg; path = stick_background.jpg; sourceTree = "<group>"; };
		6BB08B581EF95FD50036882A /* StarExplosion.sks */ = {isa = PBXFileReference; lastKnownFileType = file.sks; path = StarExplosion.sks; sourceTree = "<group>"; };
		6BB08B591EF95FD50036882A /* starParticle.png */ = {isa = PBXFileReference; lastKnownFileType = image.png; path = starParticle.png; sourceTree = "<group>"; };
		6BB08B5B1EF95FD50036882A /* bg_country.mp3 */ = {isa = PBXFileReference; lastKnownFileType = audio.mp3; path = bg_country.mp3; sourceTree = "<group>"; };
		6BB08B5C1EF95FD50036882A /* dead.wav */ = {isa = PBXFileReference; lastKnownFileType = audio.wav; path = dead.wav; sourceTree = "<group>"; };
		6BB08B5D1EF95FD50036882A /* fall.wav */ = {isa = PBXFileReference; lastKnownFileType = audio.wav; path = fall.wav; sourceTree = "<group>"; };
		6BB08B5E1EF95FD50036882A /* highScore.wav */ = {isa = PBXFileReference; lastKnownFileType = audio.wav; path = highScore.wav; sourceTree = "<group>"; };
		6BB08B5F1EF95FD50036882A /* kick.wav */ = {isa = PBXFileReference; lastKnownFileType = audio.wav; path = kick.wav; sourceTree = "<group>"; };
		6BB08B601EF95FD50036882A /* stick_grow_loop.wav */ = {isa = PBXFileReference; lastKnownFileType = audio.wav; path = stick_grow_loop.wav; sourceTree = "<group>"; };
		6BB08B611EF95FD50036882A /* touch_mid.wav */ = {isa = PBXFileReference; lastKnownFileType = audio.wav; path = touch_mid.wav; sourceTree = "<group>"; };
		6BB08B621EF95FD50036882A /* victory.wav */ = {isa = PBXFileReference; lastKnownFileType = audio.wav; path = victory.wav; sourceTree = "<group>"; };
		6BB08B721EF95FEF0036882A /* Defined.swift */ = {isa = PBXFileReference; fileEncoding = 4; lastKnownFileType = sourcecode.swift; path = Defined.swift; sourceTree = "<group>"; };
		6BB08B731EF95FEF0036882A /* GameViewController.swift */ = {isa = PBXFileReference; fileEncoding = 4; lastKnownFileType = sourcecode.swift; path = GameViewController.swift; sourceTree = "<group>"; };
		6BB08B741EF95FEF0036882A /* StickHeroGameScene.swift */ = {isa = PBXFileReference; fileEncoding = 4; lastKnownFileType = sourcecode.swift; path = StickHeroGameScene.swift; sourceTree = "<group>"; };
		6BB08B751EF95FEF0036882A /* Tools.swift */ = {isa = PBXFileReference; fileEncoding = 4; lastKnownFileType = sourcecode.swift; path = Tools.swift; sourceTree = "<group>"; };
		6BB08B7A1EF964530036882A /* Main.storyboard */ = {isa = PBXFileReference; fileEncoding = 4; lastKnownFileType = file.storyboard; path = Main.storyboard; sourceTree = "<group>"; };
/* End PBXFileReference section */

/* Begin PBXFrameworksBuildPhase section */
		6BB08B1C1EF95FA30036882A /* Frameworks */ = {
			isa = PBXFrameworksBuildPhase;
			buildActionMask = 2147483647;
			files = (
				B45A9D0C62FB7D380CE5BEFD /* Pods_PlayerStickHero.framework in Frameworks */,
			);
			runOnlyForDeploymentPostprocessing = 0;
		};
		6BB08B301EF95FA30036882A /* Frameworks */ = {
			isa = PBXFrameworksBuildPhase;
			buildActionMask = 2147483647;
			files = (
			);
			runOnlyForDeploymentPostprocessing = 0;
		};
		6BB08B3B1EF95FA30036882A /* Frameworks */ = {
			isa = PBXFrameworksBuildPhase;
			buildActionMask = 2147483647;
			files = (
			);
			runOnlyForDeploymentPostprocessing = 0;
		};
/* End PBXFrameworksBuildPhase section */

/* Begin PBXGroup section */
		2D0FE7C23F41A11B69E43BE4 /* Pods */ = {
			isa = PBXGroup;
			children = (
				465F31237D7C0014F47D1E59 /* Pods-PlayerStickHero.debug.xcconfig */,
				5D21DCAD058F771AB210373C /* Pods-PlayerStickHero.release.xcconfig */,
			);
			name = Pods;
			sourceTree = "<group>";
		};
		6B7A42DA1F00E37F00C603BC /* Masonry */ = {
			isa = PBXGroup;
			children = (
				6B7A42DB1F00E37F00C603BC /* MASCompositeConstraint.h */,
				6B7A42DC1F00E37F00C603BC /* MASCompositeConstraint.m */,
				6B7A42DD1F00E37F00C603BC /* MASConstraint+Private.h */,
				6B7A42DE1F00E37F00C603BC /* MASConstraint.h */,
				6B7A42DF1F00E37F00C603BC /* MASConstraint.m */,
				6B7A42E01F00E37F00C603BC /* MASConstraintMaker.h */,
				6B7A42E11F00E37F00C603BC /* MASConstraintMaker.m */,
				6B7A42E21F00E37F00C603BC /* MASLayoutConstraint.h */,
				6B7A42E31F00E37F00C603BC /* MASLayoutConstraint.m */,
				6B7A42E41F00E37F00C603BC /* Masonry.h */,
				6B7A42E51F00E37F00C603BC /* MASUtilities.h */,
				6B7A42E61F00E37F00C603BC /* MASViewAttribute.h */,
				6B7A42E71F00E37F00C603BC /* MASViewAttribute.m */,
				6B7A42E81F00E37F00C603BC /* MASViewConstraint.h */,
				6B7A42E91F00E37F00C603BC /* MASViewConstraint.m */,
				6B7A42EA1F00E37F00C603BC /* NSArray+MASAdditions.h */,
				6B7A42EB1F00E37F00C603BC /* NSArray+MASAdditions.m */,
				6B7A42EC1F00E37F00C603BC /* NSArray+MASShorthandAdditions.h */,
				6B7A42ED1F00E37F00C603BC /* NSLayoutConstraint+MASDebugAdditions.h */,
				6B7A42EE1F00E37F00C603BC /* NSLayoutConstraint+MASDebugAdditions.m */,
				6B7A42EF1F00E37F00C603BC /* View+MASAdditions.h */,
				6B7A42F01F00E37F00C603BC /* View+MASAdditions.m */,
				6B7A42F11F00E37F00C603BC /* View+MASShorthandAdditions.h */,
				6B7A42F21F00E37F00C603BC /* ViewController+MASAdditions.h */,
				6B7A42F31F00E37F00C603BC /* ViewController+MASAdditions.m */,
			);
			path = Masonry;
			sourceTree = "<group>";
		};
		6B7A43431F00E82B00C603BC /* ZFPlayer */ = {
			isa = PBXGroup;
			children = (
				6B7A43441F00E82B00C603BC /* ASValuePopUpView.h */,
				6B7A43451F00E82B00C603BC /* ASValuePopUpView.m */,
				6B7A43461F00E82B00C603BC /* ASValueTrackingSlider.h */,
				6B7A43471F00E82B00C603BC /* ASValueTrackingSlider.m */,
				6B7A43481F00E82B00C603BC /* Category */,
				6B7A43571F00E82B00C603BC /* MMMaterialDesignSpinner.h */,
				6B7A43581F00E82B00C603BC /* MMMaterialDesignSpinner.m */,
				6B7A43591F00E82B00C603BC /* ZFBrightnessView.h */,
				6B7A435A1F00E82B00C603BC /* ZFBrightnessView.m */,
				6B7A435B1F00E82B00C603BC /* ZFPlayer.bundle */,
				6B7A435C1F00E82B00C603BC /* ZFPlayer.h */,
				6B7A435D1F00E82B00C603BC /* ZFPlayerControlView.h */,
				6B7A435E1F00E82B00C603BC /* ZFPlayerControlView.m */,
				6B7A435F1F00E82B00C603BC /* ZFPlayerControlViewDelegate.h */,
				6B7A43601F00E82B00C603BC /* ZFPlayerModel.h */,
				6B7A43611F00E82B00C603BC /* ZFPlayerModel.m */,
				6B7A43621F00E82B00C603BC /* ZFPlayerView.h */,
				6B7A43631F00E82B00C603BC /* ZFPlayerView.m */,
			);
			path = ZFPlayer;
			sourceTree = "<group>";
		};
		6B7A43481F00E82B00C603BC /* Category */ = {
			isa = PBXGroup;
			children = (
				6B7A43491F00E82B00C603BC /* UIAlertController+ZFPlayerRotation.h */,
				6B7A434A1F00E82B00C603BC /* UIAlertController+ZFPlayerRotation.m */,
				6B7A434B1F00E82B00C603BC /* UIImageView+ZFCache.h */,
				6B7A434C1F00E82B00C603BC /* UIImageView+ZFCache.m */,
				6B7A434D1F00E82B00C603BC /* UINavigationController+ZFPlayerRotation.h */,
				6B7A434E1F00E82B00C603BC /* UINavigationController+ZFPlayerRotation.m */,
				6B7A434F1F00E82B00C603BC /* UITabBarController+ZFPlayerRotation.h */,
				6B7A43501F00E82B00C603BC /* UITabBarController+ZFPlayerRotation.m */,
				6B7A43511F00E82B00C603BC /* UIView+CustomControlView.h */,
				6B7A43521F00E82B00C603BC /* UIView+CustomControlView.m */,
				6B7A43531F00E82B00C603BC /* UIViewController+ZFPlayerRotation.h */,
				6B7A43541F00E82B00C603BC /* UIViewController+ZFPlayerRotation.m */,
				6B7A43551F00E82B00C603BC /* UIWindow+CurrentViewController.h */,
				6B7A43561F00E82B00C603BC /* UIWindow+CurrentViewController.m */,
			);
			path = Category;
			sourceTree = "<group>";
		};
		6B7A437C1F0109FA00C603BC /* MJRefresh */ = {
			isa = PBXGroup;
			children = (
				6B7A437D1F0109FA00C603BC /* Base */,
				6B7A43881F0109FA00C603BC /* Custom */,
				6B7A439F1F0109FA00C603BC /* MJRefresh.bundle */,
				6B7A43A01F0109FA00C603BC /* MJRefresh.h */,
				6B7A43A11F0109FA00C603BC /* MJRefreshConst.h */,
				6B7A43A21F0109FA00C603BC /* MJRefreshConst.m */,
				6B7A43A31F0109FA00C603BC /* NSBundle+MJRefresh.h */,
				6B7A43A41F0109FA00C603BC /* NSBundle+MJRefresh.m */,
				6B7A43A51F0109FA00C603BC /* UIScrollView+MJExtension.h */,
				6B7A43A61F0109FA00C603BC /* UIScrollView+MJExtension.m */,
				6B7A43A71F0109FA00C603BC /* UIScrollView+MJRefresh.h */,
				6B7A43A81F0109FA00C603BC /* UIScrollView+MJRefresh.m */,
				6B7A43A91F0109FA00C603BC /* UIView+MJExtension.h */,
				6B7A43AA1F0109FA00C603BC /* UIView+MJExtension.m */,
			);
			path = MJRefresh;
			sourceTree = "<group>";
		};
		6B7A437D1F0109FA00C603BC /* Base */ = {
			isa = PBXGroup;
			children = (
				6B7A437E1F0109FA00C603BC /* MJRefreshAutoFooter.h */,
				6B7A437F1F0109FA00C603BC /* MJRefreshAutoFooter.m */,
				6B7A43801F0109FA00C603BC /* MJRefreshBackFooter.h */,
				6B7A43811F0109FA00C603BC /* MJRefreshBackFooter.m */,
				6B7A43821F0109FA00C603BC /* MJRefreshComponent.h */,
				6B7A43831F0109FA00C603BC /* MJRefreshComponent.m */,
				6B7A43841F0109FA00C603BC /* MJRefreshFooter.h */,
				6B7A43851F0109FA00C603BC /* MJRefreshFooter.m */,
				6B7A43861F0109FA00C603BC /* MJRefreshHeader.h */,
				6B7A43871F0109FA00C603BC /* MJRefreshHeader.m */,
			);
			path = Base;
			sourceTree = "<group>";
		};
		6B7A43881F0109FA00C603BC /* Custom */ = {
			isa = PBXGroup;
			children = (
				6B7A43891F0109FA00C603BC /* Footer */,
				6B7A43981F0109FA00C603BC /* Header */,
			);
			path = Custom;
			sourceTree = "<group>";
		};
		6B7A43891F0109FA00C603BC /* Footer */ = {
			isa = PBXGroup;
			children = (
				6B7A438A1F0109FA00C603BC /* Auto */,
				6B7A43911F0109FA00C603BC /* Back */,
			);
			path = Footer;
			sourceTree = "<group>";
		};
		6B7A438A1F0109FA00C603BC /* Auto */ = {
			isa = PBXGroup;
			children = (
				6B7A438B1F0109FA00C603BC /* MJRefreshAutoGifFooter.h */,
				6B7A438C1F0109FA00C603BC /* MJRefreshAutoGifFooter.m */,
				6B7A438D1F0109FA00C603BC /* MJRefreshAutoNormalFooter.h */,
				6B7A438E1F0109FA00C603BC /* MJRefreshAutoNormalFooter.m */,
				6B7A438F1F0109FA00C603BC /* MJRefreshAutoStateFooter.h */,
				6B7A43901F0109FA00C603BC /* MJRefreshAutoStateFooter.m */,
			);
			path = Auto;
			sourceTree = "<group>";
		};
		6B7A43911F0109FA00C603BC /* Back */ = {
			isa = PBXGroup;
			children = (
				6B7A43921F0109FA00C603BC /* MJRefreshBackGifFooter.h */,
				6B7A43931F0109FA00C603BC /* MJRefreshBackGifFooter.m */,
				6B7A43941F0109FA00C603BC /* MJRefreshBackNormalFooter.h */,
				6B7A43951F0109FA00C603BC /* MJRefreshBackNormalFooter.m */,
				6B7A43961F0109FA00C603BC /* MJRefreshBackStateFooter.h */,
				6B7A43971F0109FA00C603BC /* MJRefreshBackStateFooter.m */,
			);
			path = Back;
			sourceTree = "<group>";
		};
		6B7A43981F0109FA00C603BC /* Header */ = {
			isa = PBXGroup;
			children = (
				6B7A43991F0109FA00C603BC /* MJRefreshGifHeader.h */,
				6B7A439A1F0109FA00C603BC /* MJRefreshGifHeader.m */,
				6B7A439B1F0109FA00C603BC /* MJRefreshNormalHeader.h */,
				6B7A439C1F0109FA00C603BC /* MJRefreshNormalHeader.m */,
				6B7A439D1F0109FA00C603BC /* MJRefreshStateHeader.h */,
				6B7A439E1F0109FA00C603BC /* MJRefreshStateHeader.m */,
			);
			path = Header;
			sourceTree = "<group>";
		};
		6BA50FA11F0249F100950E19 /* ALiHUD */ = {
			isa = PBXGroup;
			children = (
				6BA50FA21F0249F100950E19 /* ALiProgressHUD.h */,
				6BA50FA31F0249F100950E19 /* ALiProgressHUD.m */,
				6BA50FA41F0249F100950E19 /* images */,
				6BA50FAB1F0249F100950E19 /* NSObject+ALiHUD.h */,
				6BA50FAC1F0249F100950E19 /* NSObject+ALiHUD.m */,
			);
			path = ALiHUD;
			sourceTree = "<group>";
		};
		6BA50FA41F0249F100950E19 /* images */ = {
			isa = PBXGroup;
			children = (
				6BA50FA51F0249F100950E19 /* HUD_error@2x.png */,
				6BA50FA61F0249F100950E19 /* HUD_error@3x.png */,
				6BA50FA71F0249F100950E19 /* HUD_info@2x.png */,
				6BA50FA81F0249F100950E19 /* HUD_info@3x.png */,
				6BA50FA91F0249F100950E19 /* HUD_success@2x.png */,
				6BA50FAA1F0249F100950E19 /* HUD_success@3x.png */,
			);
			path = images;
			sourceTree = "<group>";
		};
		6BB08B161EF95FA30036882A = {
			isa = PBXGroup;
			children = (
				6BB08B211EF95FA30036882A /* PlayerStickHero */,
				6BB08B361EF95FA30036882A /* PlayerStickHeroTests */,
				6BB08B411EF95FA30036882A /* PlayerStickHeroUITests */,
				6BB08B201EF95FA30036882A /* Products */,
				2D0FE7C23F41A11B69E43BE4 /* Pods */,
				F9BC3B7555B72C5EA065873C /* Frameworks */,
			);
			sourceTree = "<group>";
		};
		6BB08B201EF95FA30036882A /* Products */ = {
			isa = PBXGroup;
			children = (
				6BB08B1F1EF95FA30036882A /* PlayerStickHero.app */,
				6BB08B331EF95FA30036882A /* PlayerStickHeroTests.xctest */,
				6BB08B3E1EF95FA30036882A /* PlayerStickHeroUITests.xctest */,
			);
			name = Products;
			sourceTree = "<group>";
		};
		6BB08B211EF95FA30036882A /* PlayerStickHero */ = {
			isa = PBXGroup;
			children = (
				6BA50FA11F0249F100950E19 /* ALiHUD */,
				6B7A437C1F0109FA00C603BC /* MJRefresh */,
				6B7A43431F00E82B00C603BC /* ZFPlayer */,
				6B7A42DA1F00E37F00C603BC /* Masonry */,
				6BB08B501EF95FD50036882A /* Assets */,
				6BB08B221EF95FA30036882A /* AppDelegate.swift */,
				6B7A42CD1F00B7A200C603BC /* Aplication.swift */,
				6BB08B241EF95FA30036882A /* ViewController.swift */,
				6B7A42D21F00DCDB00C603BC /* LaoSiJiViewController.swift */,
				6B7A42D41F00E36800C603BC /* HongViewController.h */,
				6B7A42D51F00E36800C603BC /* HongViewController.m */,
				6B7A43BF1F010CF600C603BC /* AppUnitl.h */,
				6B7A43C01F010CF600C603BC /* AppUnitl.m */,
				6B7A42D61F00E36800C603BC /* HongTableViewCell.h */,
				6B7A42D71F00E36800C603BC /* HongTableViewCell.m */,
				6B7A42FE1F00E67B00C603BC /* MoviePlayerViewController.h */,
				6B7A42FF1F00E67B00C603BC /* MoviePlayerViewController.m */,
				6B6F6BC91F020586005445B7 /* UIViewController+Add.h */,
				6B6F6BCA1F020586005445B7 /* UIViewController+Add.m */,
				6B6F6BCC1F02087F005445B7 /* DaiLuViewController.h */,
				6B6F6BCD1F02087F005445B7 /* DaiLuViewController.m */,
				6BB08B721EF95FEF0036882A /* Defined.swift */,
				6BB08B731EF95FEF0036882A /* GameViewController.swift */,
				6BB08B741EF95FEF0036882A /* StickHeroGameScene.swift */,
				6BB08B751EF95FEF0036882A /* Tools.swift */,
				6B78F6D01EFAA7A4009BDEED /* Header.h */,
				6B7A43731F01092E00C603BC /* AppModel.h */,
				6B7A43741F01092E00C603BC /* AppModel.m */,
				6B7A42CF1F00DAFB00C603BC /* RedBoxModel.h */,
				6B7A42D01F00DAFB00C603BC /* RedBoxModel.m */,
				6B7A43761F01097700C603BC /* VideoUrlModel.h */,
				6B7A43771F01097700C603BC /* VideoUrlModel.m */,
				6B7A43781F01097700C603BC /* VideoPlayModel.h */,
				6B7A43791F01097700C603BC /* VideoPlayModel.m */,
				6BB08B291EF95FA30036882A /* Assets.xcassets */,
				6BB08B2B1EF95FA30036882A /* LaunchScreen.storyboard */,
				6BB08B2E1EF95FA30036882A /* Info.plist */,
			);
			path = PlayerStickHero;
			sourceTree = "<group>";
		};
		6BB08B361EF95FA30036882A /* PlayerStickHeroTests */ = {
			isa = PBXGroup;
			children = (
				6BB08B371EF95FA30036882A /* PlayerStickHeroTests.swift */,
				6BB08B391EF95FA30036882A /* Info.plist */,
			);
			path = PlayerStickHeroTests;
			sourceTree = "<group>";
		};
		6BB08B411EF95FA30036882A /* PlayerStickHeroUITests */ = {
			isa = PBXGroup;
			children = (
				6BB08B421EF95FA30036882A /* PlayerStickHeroUITests.swift */,
				6BB08B441EF95FA30036882A /* Info.plist */,
			);
			path = PlayerStickHeroUITests;
			sourceTree = "<group>";
		};
		6BB08B501EF95FD50036882A /* Assets */ = {
			isa = PBXGroup;
			children = (
				6BB08B7A1EF964530036882A /* Main.storyboard */,
				6BB08B511EF95FD50036882A /* Images */,
				6BB08B571EF95FD50036882A /* Sks */,
				6BB08B5A1EF95FD50036882A /* Sound */,
			);
			path = Assets;
			sourceTree = "<group>";
		};
		6BB08B511EF95FD50036882A /* Images */ = {
			isa = PBXGroup;
			children = (
				6BB08B521EF95FD50036882A /* button_retry_down.png */,
				6BB08B531EF95FD50036882A /* button_retry_up.png */,
				6BB08B541EF95FD50036882A /* human1.png */,
				6BB08B551EF95FD50036882A /* human2.png */,
				6BB08B561EF95FD50036882A /* stick_background.jpg */,
			);
			path = Images;
			sourceTree = "<group>";
		};
		6BB08B571EF95FD50036882A /* Sks */ = {
			isa = PBXGroup;
			children = (
				6BB08B581EF95FD50036882A /* StarExplosion.sks */,
				6BB08B591EF95FD50036882A /* starParticle.png */,
			);
			path = Sks;
			sourceTree = "<group>";
		};
		6BB08B5A1EF95FD50036882A /* Sound */ = {
			isa = PBXGroup;
			children = (
				6BB08B5B1EF95FD50036882A /* bg_country.mp3 */,
				6BB08B5C1EF95FD50036882A /* dead.wav */,
				6BB08B5D1EF95FD50036882A /* fall.wav */,
				6BB08B5E1EF95FD50036882A /* highScore.wav */,
				6BB08B5F1EF95FD50036882A /* kick.wav */,
				6BB08B601EF95FD50036882A /* stick_grow_loop.wav */,
				6BB08B611EF95FD50036882A /* touch_mid.wav */,
				6BB08B621EF95FD50036882A /* victory.wav */,
			);
			path = Sound;
			sourceTree = "<group>";
		};
		F9BC3B7555B72C5EA065873C /* Frameworks */ = {
			isa = PBXGroup;
			children = (
				5CCFA78712038EEE42B94733 /* Pods_PlayerStickHero.framework */,
			);
			name = Frameworks;
			sourceTree = "<group>";
		};
/* End PBXGroup section */

/* Begin PBXNativeTarget section */
		6BB08B1E1EF95FA30036882A /* PlayerStickHero */ = {
			isa = PBXNativeTarget;
			buildConfigurationList = 6BB08B471EF95FA30036882A /* Build configuration list for PBXNativeTarget "PlayerStickHero" */;
			buildPhases = (
				0D309100B5E41E754A478B6C /* [CP] Check Pods Manifest.lock */,
				6BB08B1B1EF95FA30036882A /* Sources */,
				6BB08B1C1EF95FA30036882A /* Frameworks */,
				6BB08B1D1EF95FA30036882A /* Resources */,
				3282B498E93C258C167E844F /* [CP] Embed Pods Frameworks */,
				F06473CDEB5DFCFC551F62BF /* [CP] Copy Pods Resources */,
			);
			buildRules = (
			);
			dependencies = (
			);
			name = PlayerStickHero;
			productName = PlayerStickHero;
			productReference = 6BB08B1F1EF95FA30036882A /* PlayerStickHero.app */;
			productType = "com.apple.product-type.application";
		};
		6BB08B321EF95FA30036882A /* PlayerStickHeroTests */ = {
			isa = PBXNativeTarget;
			buildConfigurationList = 6BB08B4A1EF95FA30036882A /* Build configuration list for PBXNativeTarget "PlayerStickHeroTests" */;
			buildPhases = (
				6BB08B2F1EF95FA30036882A /* Sources */,
				6BB08B301EF95FA30036882A /* Frameworks */,
				6BB08B311EF95FA30036882A /* Resources */,
			);
			buildRules = (
			);
			dependencies = (
				6BB08B351EF95FA30036882A /* PBXTargetDependency */,
			);
			name = PlayerStickHeroTests;
			productName = PlayerStickHeroTests;
			productReference = 6BB08B331EF95FA30036882A /* PlayerStickHeroTests.xctest */;
			productType = "com.apple.product-type.bundle.unit-test";
		};
		6BB08B3D1EF95FA30036882A /* PlayerStickHeroUITests */ = {
			isa = PBXNativeTarget;
			buildConfigurationList = 6BB08B4D1EF95FA30036882A /* Build configuration list for PBXNativeTarget "PlayerStickHeroUITests" */;
			buildPhases = (
				6BB08B3A1EF95FA30036882A /* Sources */,
				6BB08B3B1EF95FA30036882A /* Frameworks */,
				6BB08B3C1EF95FA30036882A /* Resources */,
			);
			buildRules = (
			);
			dependencies = (
				6BB08B401EF95FA30036882A /* PBXTargetDependency */,
			);
			name = PlayerStickHeroUITests;
			productName = PlayerStickHeroUITests;
			productReference = 6BB08B3E1EF95FA30036882A /* PlayerStickHeroUITests.xctest */;
			productType = "com.apple.product-type.bundle.ui-testing";
		};
/* End PBXNativeTarget section */

/* Begin PBXProject section */
		6BB08B171EF95FA30036882A /* Project object */ = {
			isa = PBXProject;
			attributes = {
				LastSwiftUpdateCheck = 0830;
				LastUpgradeCheck = 0830;
				ORGANIZATIONNAME = "安风";
				TargetAttributes = {
					6BB08B1E1EF95FA30036882A = {
						CreatedOnToolsVersion = 8.3.3;
						DevelopmentTeam = WD9BF79VSR;
						ProvisioningStyle = Automatic;
					};
					6BB08B321EF95FA30036882A = {
						CreatedOnToolsVersion = 8.3.3;
						ProvisioningStyle = Automatic;
						TestTargetID = 6BB08B1E1EF95FA30036882A;
					};
					6BB08B3D1EF95FA30036882A = {
						CreatedOnToolsVersion = 8.3.3;
						ProvisioningStyle = Automatic;
						TestTargetID = 6BB08B1E1EF95FA30036882A;
					};
				};
			};
			buildConfigurationList = 6BB08B1A1EF95FA30036882A /* Build configuration list for PBXProject "PlayerStickHero" */;
			compatibilityVersion = "Xcode 3.2";
			developmentRegion = English;
			hasScannedForEncodings = 0;
			knownRegions = (
				en,
				Base,
			);
			mainGroup = 6BB08B161EF95FA30036882A;
			productRefGroup = 6BB08B201EF95FA30036882A /* Products */;
			projectDirPath = "";
			projectRoot = "";
			targets = (
				6BB08B1E1EF95FA30036882A /* PlayerStickHero */,
				6BB08B321EF95FA30036882A /* PlayerStickHeroTests */,
				6BB08B3D1EF95FA30036882A /* PlayerStickHeroUITests */,
			);
		};
/* End PBXProject section */

/* Begin PBXResourcesBuildPhase section */
		6BB08B1D1EF95FA30036882A /* Resources */ = {
			isa = PBXResourcesBuildPhase;
			buildActionMask = 2147483647;
			files = (
				6BB08B6E1EF95FD50036882A /* kick.wav in Resources */,
				6BB08B671EF95FD50036882A /* stick_background.jpg in Resources */,
				6BB08B631EF95FD50036882A /* button_retry_down.png in Resources */,
				6BA50FB31F0249F100950E19 /* HUD_success@3x.png in Resources */,
				6BB08B661EF95FD50036882A /* human2.png in Resources */,
				6BA50FAF1F0249F100950E19 /* HUD_error@3x.png in Resources */,
				6BB08B6F1EF95FD50036882A /* stick_grow_loop.wav in Resources */,
				6BB08B2D1EF95FA30036882A /* LaunchScreen.storyboard in Resources */,
				6BB08B2A1EF95FA30036882A /* Assets.xcassets in Resources */,
				6BB08B6D1EF95FD50036882A /* highScore.wav in Resources */,
				6BA50FB11F0249F100950E19 /* HUD_info@3x.png in Resources */,
				6BB08B691EF95FD50036882A /* starParticle.png in Resources */,
				6BB08B6B1EF95FD50036882A /* dead.wav in Resources */,
				6BB08B651EF95FD50036882A /* human1.png in Resources */,
				6BB08B701EF95FD50036882A /* touch_mid.wav in Resources */,
				6B7A436F1F00E82B00C603BC /* ZFPlayer.bundle in Resources */,
				6BB08B6A1EF95FD50036882A /* bg_country.mp3 in Resources */,
				6BB08B641EF95FD50036882A /* button_retry_up.png in Resources */,
				6BB08B681EF95FD50036882A /* StarExplosion.sks in Resources */,
				6BA50FB01F0249F100950E19 /* HUD_info@2x.png in Resources */,
				6BB08B7B1EF964530036882A /* Main.storyboard in Resources */,
				6BA50FB21F0249F100950E19 /* HUD_success@2x.png in Resources */,
				6BB08B6C1EF95FD50036882A /* fall.wav in Resources */,
				6B7A43B91F0109FA00C603BC /* MJRefresh.bundle in Resources */,
				6BB08B711EF95FD50036882A /* victory.wav in Resources */,
				6BA50FAE1F0249F100950E19 /* HUD_error@2x.png in Resources */,
			);
			runOnlyForDeploymentPostprocessing = 0;
		};
		6BB08B311EF95FA30036882A /* Resources */ = {
			isa = PBXResourcesBuildPhase;
			buildActionMask = 2147483647;
			files = (
			);
			runOnlyForDeploymentPostprocessing = 0;
		};
		6BB08B3C1EF95FA30036882A /* Resources */ = {
			isa = PBXResourcesBuildPhase;
			buildActionMask = 2147483647;
			files = (
			);
			runOnlyForDeploymentPostprocessing = 0;
		};
/* End PBXResourcesBuildPhase section */

/* Begin PBXShellScriptBuildPhase section */
		0D309100B5E41E754A478B6C /* [CP] Check Pods Manifest.lock */ = {
			isa = PBXShellScriptBuildPhase;
			buildActionMask = 2147483647;
			files = (
			);
			inputPaths = (
			);
			name = "[CP] Check Pods Manifest.lock";
			outputPaths = (
			);
			runOnlyForDeploymentPostprocessing = 0;
			shellPath = /bin/sh;
			shellScript = "diff \"${PODS_ROOT}/../Podfile.lock\" \"${PODS_ROOT}/Manifest.lock\" > /dev/null\nif [ $? != 0 ] ; then\n    # print error to STDERR\n    echo \"error: The sandbox is not in sync with the Podfile.lock. Run 'pod install' or update your CocoaPods installation.\" >&2\n    exit 1\nfi\n";
			showEnvVarsInLog = 0;
		};
		3282B498E93C258C167E844F /* [CP] Embed Pods Frameworks */ = {
			isa = PBXShellScriptBuildPhase;
			buildActionMask = 2147483647;
			files = (
			);
			inputPaths = (
			);
			name = "[CP] Embed Pods Frameworks";
			outputPaths = (
			);
			runOnlyForDeploymentPostprocessing = 0;
			shellPath = /bin/sh;
			shellScript = "\"${SRCROOT}/Pods/Target Support Files/Pods-PlayerStickHero/Pods-PlayerStickHero-frameworks.sh\"\n";
			showEnvVarsInLog = 0;
		};
		F06473CDEB5DFCFC551F62BF /* [CP] Copy Pods Resources */ = {
			isa = PBXShellScriptBuildPhase;
			buildActionMask = 2147483647;
			files = (
			);
			inputPaths = (
			);
			name = "[CP] Copy Pods Resources";
			outputPaths = (
			);
			runOnlyForDeploymentPostprocessing = 0;
			shellPath = /bin/sh;
			shellScript = "\"${SRCROOT}/Pods/Target Support Files/Pods-PlayerStickHero/Pods-PlayerStickHero-resources.sh\"\n";
			showEnvVarsInLog = 0;
		};
/* End PBXShellScriptBuildPhase section */

/* Begin PBXSourcesBuildPhase section */
		6BB08B1B1EF95FA30036882A /* Sources */ = {
			isa = PBXSourcesBuildPhase;
			buildActionMask = 2147483647;
			files = (
				6B7A43B31F0109FA00C603BC /* MJRefreshBackGifFooter.m in Sources */,
				6B7A43AC1F0109FA00C603BC /* MJRefreshBackFooter.m in Sources */,
				6B7A43AE1F0109FA00C603BC /* MJRefreshFooter.m in Sources */,
				6BA50FAD1F0249F100950E19 /* ALiProgressHUD.m in Sources */,
				6B7A43AB1F0109FA00C603BC /* MJRefreshAutoFooter.m in Sources */,
				6B7A42FA1F00E37F00C603BC /* NSArray+MASAdditions.m in Sources */,
				6B7A43651F00E82B00C603BC /* ASValueTrackingSlider.m in Sources */,
				6B7A43001F00E67B00C603BC /* MoviePlayerViewController.m in Sources */,
				6B7A42D91F00E36800C603BC /* HongTableViewCell.m in Sources */,
				6B7A42FB1F00E37F00C603BC /* NSLayoutConstraint+MASDebugAdditions.m in Sources */,
				6B7A43641F00E82B00C603BC /* ASValuePopUpView.m in Sources */,
				6B7A43701F00E82B00C603BC /* ZFPlayerControlView.m in Sources */,
				6B7A43B61F0109FA00C603BC /* MJRefreshGifHeader.m in Sources */,
				6B7A436D1F00E82B00C603BC /* MMMaterialDesignSpinner.m in Sources */,
				6B7A42D11F00DAFB00C603BC /* RedBoxModel.m in Sources */,
				6B7A436A1F00E82B00C603BC /* UIView+CustomControlView.m in Sources */,
				6B7A42D81F00E36800C603BC /* HongViewController.m in Sources */,
				6B7A43BE1F0109FA00C603BC /* UIView+MJExtension.m in Sources */,
				6B7A43B71F0109FA00C603BC /* MJRefreshNormalHeader.m in Sources */,
				6B7A42F81F00E37F00C603BC /* MASViewAttribute.m in Sources */,
				6B7A43BA1F0109FA00C603BC /* MJRefreshConst.m in Sources */,
				6B7A42F71F00E37F00C603BC /* MASLayoutConstraint.m in Sources */,
				6B7A43C11F010CF600C603BC /* AppUnitl.m in Sources */,
				6B7A42F41F00E37F00C603BC /* MASCompositeConstraint.m in Sources */,
				6BB08B771EF95FEF0036882A /* GameViewController.swift in Sources */,
				6B7A43B51F0109FA00C603BC /* MJRefreshBackStateFooter.m in Sources */,
				6B7A43711F00E82B00C603BC /* ZFPlayerModel.m in Sources */,
				6B7A43B21F0109FA00C603BC /* MJRefreshAutoStateFooter.m in Sources */,
				6BB08B251EF95FA30036882A /* ViewController.swift in Sources */,
				6B7A43BC1F0109FA00C603BC /* UIScrollView+MJExtension.m in Sources */,
				6B7A43691F00E82B00C603BC /* UITabBarController+ZFPlayerRotation.m in Sources */,
				6B7A436B1F00E82B00C603BC /* UIViewController+ZFPlayerRotation.m in Sources */,
				6B7A42F91F00E37F00C603BC /* MASViewConstraint.m in Sources */,
				6BB08B231EF95FA30036882A /* AppDelegate.swift in Sources */,
				6BB08B791EF95FEF0036882A /* Tools.swift in Sources */,
				6B7A43B11F0109FA00C603BC /* MJRefreshAutoNormalFooter.m in Sources */,
				6B7A42D31F00DCDB00C603BC /* LaoSiJiViewController.swift in Sources */,
				6B7A43AD1F0109FA00C603BC /* MJRefreshComponent.m in Sources */,
				6B7A43721F00E82B00C603BC /* ZFPlayerView.m in Sources */,
				6B7A437B1F01097700C603BC /* VideoPlayModel.m in Sources */,
				6BB08B761EF95FEF0036882A /* Defined.swift in Sources */,
				6B7A42FD1F00E37F00C603BC /* ViewController+MASAdditions.m in Sources */,
				6B7A437A1F01097700C603BC /* VideoUrlModel.m in Sources */,
				6B7A42F61F00E37F00C603BC /* MASConstraintMaker.m in Sources */,
				6B7A436E1F00E82B00C603BC /* ZFBrightnessView.m in Sources */,
				6B7A43B01F0109FA00C603BC /* MJRefreshAutoGifFooter.m in Sources */,
				6B7A43BB1F0109FA00C603BC /* NSBundle+MJRefresh.m in Sources */,
				6B7A43751F01092E00C603BC /* AppModel.m in Sources */,
				6B7A43661F00E82B00C603BC /* UIAlertController+ZFPlayerRotation.m in Sources */,
				6BB08B781EF95FEF0036882A /* StickHeroGameScene.swift in Sources */,
				6B7A43671F00E82B00C603BC /* UIImageView+ZFCache.m in Sources */,
				6B6F6BCB1F020586005445B7 /* UIViewController+Add.m in Sources */,
				6B7A42F51F00E37F00C603BC /* MASConstraint.m in Sources */,
				6B7A43BD1F0109FA00C603BC /* UIScrollView+MJRefresh.m in Sources */,
				6B7A43AF1F0109FA00C603BC /* MJRefreshHeader.m in Sources */,
				6B7A43B41F0109FA00C603BC /* MJRefreshBackNormalFooter.m in Sources */,
				6B7A43B81F0109FA00C603BC /* MJRefreshStateHeader.m in Sources */,
				6B7A436C1F00E82B00C603BC /* UIWindow+CurrentViewController.m in Sources */,
				6B6F6BCE1F02087F005445B7 /* DaiLuViewController.m in Sources */,
				6B7A42CE1F00B7A200C603BC /* Aplication.swift in Sources */,
				6B7A43681F00E82B00C603BC /* UINavigationController+ZFPlayerRotation.m in Sources */,
				6BA50FB41F0249F100950E19 /* NSObject+ALiHUD.m in Sources */,
				6B7A42FC1F00E37F00C603BC /* View+MASAdditions.m in Sources */,
			);
			runOnlyForDeploymentPostprocessing = 0;
		};
		6BB08B2F1EF95FA30036882A /* Sources */ = {
			isa = PBXSourcesBuildPhase;
			buildActionMask = 2147483647;
			files = (
				6BB08B381EF95FA30036882A /* PlayerStickHeroTests.swift in Sources */,
			);
			runOnlyForDeploymentPostprocessing = 0;
		};
		6BB08B3A1EF95FA30036882A /* Sources */ = {
			isa = PBXSourcesBuildPhase;
			buildActionMask = 2147483647;
			files = (
				6BB08B431EF95FA30036882A /* PlayerStickHeroUITests.swift in Sources */,
			);
			runOnlyForDeploymentPostprocessing = 0;
		};
/* End PBXSourcesBuildPhase section */

/* Begin PBXTargetDependency section */
		6BB08B351EF95FA30036882A /* PBXTargetDependency */ = {
			isa = PBXTargetDependency;
			target = 6BB08B1E1EF95FA30036882A /* PlayerStickHero */;
			targetProxy = 6BB08B341EF95FA30036882A /* PBXContainerItemProxy */;
		};
		6BB08B401EF95FA30036882A /* PBXTargetDependency */ = {
			isa = PBXTargetDependency;
			target = 6BB08B1E1EF95FA30036882A /* PlayerStickHero */;
			targetProxy = 6BB08B3F1EF95FA30036882A /* PBXContainerItemProxy */;
		};
/* End PBXTargetDependency section */

/* Begin PBXVariantGroup section */
		6BB08B2B1EF95FA30036882A /* LaunchScreen.storyboard */ = {
			isa = PBXVariantGroup;
			children = (
				6BB08B2C1EF95FA30036882A /* Base */,
			);
			name = LaunchScreen.storyboard;
			sourceTree = "<group>";
		};
/* End PBXVariantGroup section */

/* Begin XCBuildConfiguration section */
		6BB08B451EF95FA30036882A /* Debug */ = {
			isa = XCBuildConfiguration;
			buildSettings = {
				ALWAYS_SEARCH_USER_PATHS = NO;
				CLANG_ANALYZER_NONNULL = YES;
				CLANG_ANALYZER_NUMBER_OBJECT_CONVERSION = YES_AGGRESSIVE;
				CLANG_CXX_LANGUAGE_STANDARD = "gnu++0x";
				CLANG_CXX_LIBRARY = "libc++";
				CLANG_ENABLE_MODULES = YES;
				CLANG_ENABLE_OBJC_ARC = YES;
				CLANG_WARN_BOOL_CONVERSION = YES;
				CLANG_WARN_CONSTANT_CONVERSION = YES;
				CLANG_WARN_DIRECT_OBJC_ISA_USAGE = YES_ERROR;
				CLANG_WARN_DOCUMENTATION_COMMENTS = YES;
				CLANG_WARN_EMPTY_BODY = YES;
				CLANG_WARN_ENUM_CONVERSION = YES;
				CLANG_WARN_INFINITE_RECURSION = YES;
				CLANG_WARN_INT_CONVERSION = YES;
				CLANG_WARN_OBJC_ROOT_CLASS = YES_ERROR;
				CLANG_WARN_SUSPICIOUS_MOVE = YES;
				CLANG_WARN_UNREACHABLE_CODE = YES;
				CLANG_WARN__DUPLICATE_METHOD_MATCH = YES;
				"CODE_SIGN_IDENTITY[sdk=iphoneos*]" = "iPhone Developer";
				COPY_PHASE_STRIP = NO;
				DEBUG_INFORMATION_FORMAT = dwarf;
				ENABLE_STRICT_OBJC_MSGSEND = YES;
				ENABLE_TESTABILITY = YES;
				GCC_C_LANGUAGE_STANDARD = gnu99;
				GCC_DYNAMIC_NO_PIC = NO;
				GCC_NO_COMMON_BLOCKS = YES;
				GCC_OPTIMIZATION_LEVEL = 0;
				GCC_PREPROCESSOR_DEFINITIONS = (
					"DEBUG=1",
					"$(inherited)",
				);
				GCC_WARN_64_TO_32_BIT_CONVERSION = YES;
				GCC_WARN_ABOUT_RETURN_TYPE = YES_ERROR;
				GCC_WARN_UNDECLARED_SELECTOR = YES;
				GCC_WARN_UNINITIALIZED_AUTOS = YES_AGGRESSIVE;
				GCC_WARN_UNUSED_FUNCTION = YES;
				GCC_WARN_UNUSED_VARIABLE = YES;
				IPHONEOS_DEPLOYMENT_TARGET = 10.3;
				MTL_ENABLE_DEBUG_INFO = YES;
				ONLY_ACTIVE_ARCH = YES;
				SDKROOT = iphoneos;
				SWIFT_ACTIVE_COMPILATION_CONDITIONS = DEBUG;
				SWIFT_OPTIMIZATION_LEVEL = "-Onone";
			};
			name = Debug;
		};
		6BB08B461EF95FA30036882A /* Release */ = {
			isa = XCBuildConfiguration;
			buildSettings = {
				ALWAYS_SEARCH_USER_PATHS = NO;
				CLANG_ANALYZER_NONNULL = YES;
				CLANG_ANALYZER_NUMBER_OBJECT_CONVERSION = YES_AGGRESSIVE;
				CLANG_CXX_LANGUAGE_STANDARD = "gnu++0x";
				CLANG_CXX_LIBRARY = "libc++";
				CLANG_ENABLE_MODULES = YES;
				CLANG_ENABLE_OBJC_ARC = YES;
				CLANG_WARN_BOOL_CONVERSION = YES;
				CLANG_WARN_CONSTANT_CONVERSION = YES;
				CLANG_WARN_DIRECT_OBJC_ISA_USAGE = YES_ERROR;
				CLANG_WARN_DOCUMENTATION_COMMENTS = YES;
				CLANG_WARN_EMPTY_BODY = YES;
				CLANG_WARN_ENUM_CONVERSION = YES;
				CLANG_WARN_INFINITE_RECURSION = YES;
				CLANG_WARN_INT_CONVERSION = YES;
				CLANG_WARN_OBJC_ROOT_CLASS = YES_ERROR;
				CLANG_WARN_SUSPICIOUS_MOVE = YES;
				CLANG_WARN_UNREACHABLE_CODE = YES;
				CLANG_WARN__DUPLICATE_METHOD_MATCH = YES;
				"CODE_SIGN_IDENTITY[sdk=iphoneos*]" = "iPhone Developer";
				COPY_PHASE_STRIP = NO;
				DEBUG_INFORMATION_FORMAT = "dwarf-with-dsym";
				ENABLE_NS_ASSERTIONS = NO;
				ENABLE_STRICT_OBJC_MSGSEND = YES;
				GCC_C_LANGUAGE_STANDARD = gnu99;
				GCC_NO_COMMON_BLOCKS = YES;
				GCC_WARN_64_TO_32_BIT_CONVERSION = YES;
				GCC_WARN_ABOUT_RETURN_TYPE = YES_ERROR;
				GCC_WARN_UNDECLARED_SELECTOR = YES;
				GCC_WARN_UNINITIALIZED_AUTOS = YES_AGGRESSIVE;
				GCC_WARN_UNUSED_FUNCTION = YES;
				GCC_WARN_UNUSED_VARIABLE = YES;
				IPHONEOS_DEPLOYMENT_TARGET = 10.3;
				MTL_ENABLE_DEBUG_INFO = NO;
				SDKROOT = iphoneos;
				SWIFT_OPTIMIZATION_LEVEL = "-Owholemodule";
				VALIDATE_PRODUCT = YES;
			};
			name = Release;
		};
		6BB08B481EF95FA30036882A /* Debug */ = {
			isa = XCBuildConfiguration;
			baseConfigurationReference = 465F31237D7C0014F47D1E59 /* Pods-PlayerStickHero.debug.xcconfig */;
			buildSettings = {
				ASSETCATALOG_COMPILER_APPICON_NAME = AppIcon;
				DEVELOPMENT_TEAM = WD9BF79VSR;
				INFOPLIST_FILE = PlayerStickHero/Info.plist;
				IPHONEOS_DEPLOYMENT_TARGET = 8.0;
				LD_RUNPATH_SEARCH_PATHS = "$(inherited) @executable_path/Frameworks";
				PRODUCT_BUNDLE_IDENTIFIER = com.anfeng.StickHero;
				PRODUCT_NAME = "$(TARGET_NAME)";
				SWIFT_OBJC_BRIDGING_HEADER = "$(SRCROOT)/PlayerStickHero/Header.h";
				SWIFT_VERSION = 3.0;
			};
			name = Debug;
		};
		6BB08B491EF95FA30036882A /* Release */ = {
			isa = XCBuildConfiguration;
			baseConfigurationReference = 5D21DCAD058F771AB210373C /* Pods-PlayerStickHero.release.xcconfig */;
			buildSettings = {
				ASSETCATALOG_COMPILER_APPICON_NAME = AppIcon;
				DEVELOPMENT_TEAM = WD9BF79VSR;
				INFOPLIST_FILE = PlayerStickHero/Info.plist;
				IPHONEOS_DEPLOYMENT_TARGET = 8.0;
				LD_RUNPATH_SEARCH_PATHS = "$(inherited) @executable_path/Frameworks";
				PRODUCT_BUNDLE_IDENTIFIER = com.anfeng.StickHero;
				PRODUCT_NAME = "$(TARGET_NAME)";
				SWIFT_OBJC_BRIDGING_HEADER = "$(SRCROOT)/PlayerStickHero/Header.h";
				SWIFT_VERSION = 3.0;
			};
			name = Release;
		};
		6BB08B4B1EF95FA30036882A /* Debug */ = {
			isa = XCBuildConfiguration;
			buildSettings = {
				ALWAYS_EMBED_SWIFT_STANDARD_LIBRARIES = YES;
				BUNDLE_LOADER = "$(TEST_HOST)";
				INFOPLIST_FILE = PlayerStickHeroTests/Info.plist;
				LD_RUNPATH_SEARCH_PATHS = "$(inherited) @executable_path/Frameworks @loader_path/Frameworks";
				PRODUCT_BUNDLE_IDENTIFIER = com.anfeng.StickHero.PlayerStickHeroTests;
				PRODUCT_NAME = "$(TARGET_NAME)";
				SWIFT_VERSION = 3.0;
				TEST_HOST = "$(BUILT_PRODUCTS_DIR)/PlayerStickHero.app/PlayerStickHero";
			};
			name = Debug;
		};
		6BB08B4C1EF95FA30036882A /* Release */ = {
			isa = XCBuildConfiguration;
			buildSettings = {
				ALWAYS_EMBED_SWIFT_STANDARD_LIBRARIES = YES;
				BUNDLE_LOADER = "$(TEST_HOST)";
				INFOPLIST_FILE = PlayerStickHeroTests/Info.plist;
				LD_RUNPATH_SEARCH_PATHS = "$(inherited) @executable_path/Frameworks @loader_path/Frameworks";
				PRODUCT_BUNDLE_IDENTIFIER = com.anfeng.StickHero.PlayerStickHeroTests;
				PRODUCT_NAME = "$(TARGET_NAME)";
				SWIFT_VERSION = 3.0;
				TEST_HOST = "$(BUILT_PRODUCTS_DIR)/PlayerStickHero.app/PlayerStickHero";
			};
			name = Release;
		};
		6BB08B4E1EF95FA30036882A /* Debug */ = {
			isa = XCBuildConfiguration;
			buildSettings = {
				ALWAYS_EMBED_SWIFT_STANDARD_LIBRARIES = YES;
				INFOPLIST_FILE = PlayerStickHeroUITests/Info.plist;
				LD_RUNPATH_SEARCH_PATHS = "$(inherited) @executable_path/Frameworks @loader_path/Frameworks";
				PRODUCT_BUNDLE_IDENTIFIER = com.anfeng.StickHero.PlayerStickHeroUITests;
				PRODUCT_NAME = "$(TARGET_NAME)";
				SWIFT_VERSION = 3.0;
				TEST_TARGET_NAME = PlayerStickHero;
			};
			name = Debug;
		};
		6BB08B4F1EF95FA30036882A /* Release */ = {
			isa = XCBuildConfiguration;
			buildSettings = {
				ALWAYS_EMBED_SWIFT_STANDARD_LIBRARIES = YES;
				INFOPLIST_FILE = PlayerStickHeroUITests/Info.plist;
				LD_RUNPATH_SEARCH_PATHS = "$(inherited) @executable_path/Frameworks @loader_path/Frameworks";
				PRODUCT_BUNDLE_IDENTIFIER = com.anfeng.StickHero.PlayerStickHeroUITests;
				PRODUCT_NAME = "$(TARGET_NAME)";
				SWIFT_VERSION = 3.0;
				TEST_TARGET_NAME = PlayerStickHero;
			};
			name = Release;
		};
/* End XCBuildConfiguration section */

/* Begin XCConfigurationList section */
		6BB08B1A1EF95FA30036882A /* Build configuration list for PBXProject "PlayerStickHero" */ = {
			isa = XCConfigurationList;
			buildConfigurations = (
				6BB08B451EF95FA30036882A /* Debug */,
				6BB08B461EF95FA30036882A /* Release */,
			);
			defaultConfigurationIsVisible = 0;
			defaultConfigurationName = Release;
		};
		6BB08B471EF95FA30036882A /* Build configuration list for PBXNativeTarget "PlayerStickHero" */ = {
			isa = XCConfigurationList;
			buildConfigurations = (
				6BB08B481EF95FA30036882A /* Debug */,
				6BB08B491EF95FA30036882A /* Release */,
			);
			defaultConfigurationIsVisible = 0;
			defaultConfigurationName = Release;
		};
		6BB08B4A1EF95FA30036882A /* Build configuration list for PBXNativeTarget "PlayerStickHeroTests" */ = {
			isa = XCConfigurationList;
			buildConfigurations = (
				6BB08B4B1EF95FA30036882A /* Debug */,
				6BB08B4C1EF95FA30036882A /* Release */,
			);
			defaultConfigurationIsVisible = 0;
			defaultConfigurationName = Release;
		};
		6BB08B4D1EF95FA30036882A /* Build configuration list for PBXNativeTarget "PlayerStickHeroUITests" */ = {
			isa = XCConfigurationList;
			buildConfigurations = (
				6BB08B4E1EF95FA30036882A /* Debug */,
				6BB08B4F1EF95FA30036882A /* Release */,
			);
			defaultConfigurationIsVisible = 0;
			defaultConfigurationName = Release;
		};
/* End XCConfigurationList section */
	};
	rootObject = 6BB08B171EF95FA30036882A /* Project object */;
}
