// !$*UTF8*$!
{
	archiveVersion = 1;
	classes = {
	};
	objectVersion = 46;
	objects = {

/* Begin PBXBuildFile section */
		6BB08B231EF95FA30036882A /* AppDelegate.swift in Sources */ = {isa = PBXBuildFile; fileRef = 6BB08B221EF95FA30036882A /* AppDelegate.swift */; };
		6BB08B251EF95FA30036882A /* ViewController.swift in Sources */ = {isa = PBXBuildFile; fileRef = 6BB08B241EF95FA30036882A /* ViewController.swift */; };
		6BB08B281EF95FA30036882A /* Main.storyboard in Resources */ = {isa = PBXBuildFile; fileRef = 6BB08B261EF95FA30036882A /* Main.storyboard */; };
		6BB08B2A1EF95FA30036882A /* Assets.xcassets in Resources */ = {isa = PBXBuildFile; fileRef = 6BB08B291EF95FA30036882A /* Assets.xcassets */; };
		6BB08B2D1EF95FA30036882A /* LaunchScreen.storyboard in Resources */ = {isa = PBXBuildFile; fileRef = 6BB08B2B1EF95FA30036882A /* LaunchScreen.storyboard */; };
		6BB08B381EF95FA30036882A /* PlayerStickHeroTests.swift in Sources */ = {isa = PBXBuildFile; fileRef = 6BB08B371EF95FA30036882A /* PlayerStickHeroTests.swift */; };
		6BB08B431EF95FA30036882A /* PlayerStickHeroUITests.swift in Sources */ = {isa = PBXBuildFile; fileRef = 6BB08B421EF95FA30036882A /* PlayerStickHeroUITests.swift */; };
/* End PBXBuildFile section */

/* Begin PBXContainerItemProxy section */
		6BB08B341EF95FA30036882A /* PBXContainerItemProxy */ = {
			isa = PBXContainerItemProxy;
			containerPortal = 6BB08B171EF95FA30036882A /* Project object */;
			proxyType = 1;
			remoteGlobalIDString = 6BB08B1E1EF95FA30036882A;
			remoteInfo = PlayerStickHero;
		};
		6BB08B3F1EF95FA30036882A /* PBXContainerItemProxy */ = {
			isa = PBXContainerItemProxy;
			containerPortal = 6BB08B171EF95FA30036882A /* Project object */;
			proxyType = 1;
			remoteGlobalIDString = 6BB08B1E1EF95FA30036882A;
			remoteInfo = PlayerStickHero;
		};
/* End PBXContainerItemProxy section */

/* Begin PBXFileReference section */
		6BB08B1F1EF95FA30036882A /* PlayerStickHero.app */ = {isa = PBXFileReference; explicitFileType = wrapper.application; includeInIndex = 0; path = PlayerStickHero.app; sourceTree = BUILT_PRODUCTS_DIR; };
		6BB08B221EF95FA30036882A /* AppDelegate.swift */ = {isa = PBXFileReference; lastKnownFileType = sourcecode.swift; path = AppDelegate.swift; sourceTree = "<group>"; };
		6BB08B241EF95FA30036882A /* ViewController.swift */ = {isa = PBXFileReference; lastKnownFileType = sourcecode.swift; path = ViewController.swift; sourceTree = "<group>"; };
		6BB08B271EF95FA30036882A /* Base */ = {isa = PBXFileReference; lastKnownFileType = file.storyboard; name = Base; path = Base.lproj/Main.storyboard; sourceTree = "<group>"; };
		6BB08B291EF95FA30036882A /* Assets.xcassets */ = {isa = PBXFileReference; lastKnownFileType = folder.assetcatalog; path = Assets.xcassets; sourceTree = "<group>"; };
		6BB08B2C1EF95FA30036882A /* Base */ = {isa = PBXFileReference; lastKnownFileType = file.storyboard; name = Base; path = Base.lproj/LaunchScreen.storyboard; sourceTree = "<group>"; };
		6BB08B2E1EF95FA30036882A /* Info.plist */ = {isa = PBXFileReference; lastKnownFileType = text.plist.xml; path = Info.plist; sourceTree = "<group>"; };
		6BB08B331EF95FA30036882A /* PlayerStickHeroTests.xctest */ = {isa = PBXFileReference; explicitFileType = wrapper.cfbundle; includeInIndex = 0; path = PlayerStickHeroTests.xctest; sourceTree = BUILT_PRODUCTS_DIR; };
		6BB08B371EF95FA30036882A /* PlayerStickHeroTests.swift */ = {isa = PBXFileReference; lastKnownFileType = sourcecode.swift; path = PlayerStickHeroTests.swift; sourceTree = "<group>"; };
		6BB08B391EF95FA30036882A /* Info.plist */ = {isa = PBXFileReference; lastKnownFileType = text.plist.xml; path = Info.plist; sourceTree = "<group>"; };
		6BB08B3E1EF95FA30036882A /* PlayerStickHeroUITests.xctest */ = {isa = PBXFileReference; explicitFileType = wrapper.cfbundle; includeInIndex = 0; path = PlayerStickHeroUITests.xctest; sourceTree = BUILT_PRODUCTS_DIR; };
		6BB08B421EF95FA30036882A /* PlayerStickHeroUITests.swift */ = {isa = PBXFileReference; lastKnownFileType = sourcecode.swift; path = PlayerStickHeroUITests.swift; sourceTree = "<group>"; };
		6BB08B441EF95FA30036882A /* Info.plist */ = {isa = PBXFileReference; lastKnownFileType = text.plist.xml; path = Info.plist; sourceTree = "<group>"; };
/* End PBXFileReference section */

/* Begin PBXFrameworksBuildPhase section */
		6BB08B1C1EF95FA30036882A /* Frameworks */ = {
			isa = PBXFrameworksBuildPhase;
			buildActionMask = 2147483647;
			files = (
			);
			runOnlyForDeploymentPostprocessing = 0;
		};
		6BB08B301EF95FA30036882A /* Frameworks */ = {
			isa = PBXFrameworksBuildPhase;
			buildActionMask = 2147483647;
			files = (
			);
			runOnlyForDeploymentPostprocessing = 0;
		};
		6BB08B3B1EF95FA30036882A /* Frameworks */ = {
			isa = PBXFrameworksBuildPhase;
			buildActionMask = 2147483647;
			files = (
			);
			runOnlyForDeploymentPostprocessing = 0;
		};
/* End PBXFrameworksBuildPhase section */

/* Begin PBXGroup section */
		6BB08B161EF95FA30036882A = {
			isa = PBXGroup;
			children = (
				6BB08B211EF95FA30036882A /* PlayerStickHero */,
				6BB08B361EF95FA30036882A /* PlayerStickHeroTests */,
				6BB08B411EF95FA30036882A /* PlayerStickHeroUITests */,
				6BB08B201EF95FA30036882A /* Products */,
			);
			sourceTree = "<group>";
		};
		6BB08B201EF95FA30036882A /* Products */ = {
			isa = PBXGroup;
			children = (
				6BB08B1F1EF95FA30036882A /* PlayerStickHero.app */,
				6BB08B331EF95FA30036882A /* PlayerStickHeroTests.xctest */,
				6BB08B3E1EF95FA30036882A /* PlayerStickHeroUITests.xctest */,
			);
			name = Products;
			sourceTree = "<group>";
		};
		6BB08B211EF95FA30036882A /* PlayerStickHero */ = {
			isa = PBXGroup;
			children = (
				6BB08B221EF95FA30036882A /* AppDelegate.swift */,
				6BB08B241EF95FA30036882A /* ViewController.swift */,
				6BB08B261EF95FA30036882A /* Main.storyboard */,
				6BB08B291EF95FA30036882A /* Assets.xcassets */,
				6BB08B2B1EF95FA30036882A /* LaunchScreen.storyboard */,
				6BB08B2E1EF95FA30036882A /* Info.plist */,
			);
			path = PlayerStickHero;
			sourceTree = "<group>";
		};
		6BB08B361EF95FA30036882A /* PlayerStickHeroTests */ = {
			isa = PBXGroup;
			children = (
				6BB08B371EF95FA30036882A /* PlayerStickHeroTests.swift */,
				6BB08B391EF95FA30036882A /* Info.plist */,
			);
			path = PlayerStickHeroTests;
			sourceTree = "<group>";
		};
		6BB08B411EF95FA30036882A /* PlayerStickHeroUITests */ = {
			isa = PBXGroup;
			children = (
				6BB08B421EF95FA30036882A /* PlayerStickHeroUITests.swift */,
				6BB08B441EF95FA30036882A /* Info.plist */,
			);
			path = PlayerStickHeroUITests;
			sourceTree = "<group>";
		};
/* End PBXGroup section */

/* Begin PBXNativeTarget section */
		6BB08B1E1EF95FA30036882A /* PlayerStickHero */ = {
			isa = PBXNativeTarget;
			buildConfigurationList = 6BB08B471EF95FA30036882A /* Build configuration list for PBXNativeTarget "PlayerStickHero" */;
			buildPhases = (
				6BB08B1B1EF95FA30036882A /* Sources */,
				6BB08B1C1EF95FA30036882A /* Frameworks */,
				6BB08B1D1EF95FA30036882A /* Resources */,
			);
			buildRules = (
			);
			dependencies = (
			);
			name = PlayerStickHero;
			productName = PlayerStickHero;
			productReference = 6BB08B1F1EF95FA30036882A /* PlayerStickHero.app */;
			productType = "com.apple.product-type.application";
		};
		6BB08B321EF95FA30036882A /* PlayerStickHeroTests */ = {
			isa = PBXNativeTarget;
			buildConfigurationList = 6BB08B4A1EF95FA30036882A /* Build configuration list for PBXNativeTarget "PlayerStickHeroTests" */;
			buildPhases = (
				6BB08B2F1EF95FA30036882A /* Sources */,
				6BB08B301EF95FA30036882A /* Frameworks */,
				6BB08B311EF95FA30036882A /* Resources */,
			);
			buildRules = (
			);
			dependencies = (
				6BB08B351EF95FA30036882A /* PBXTargetDependency */,
			);
			name = PlayerStickHeroTests;
			productName = PlayerStickHeroTests;
			productReference = 6BB08B331EF95FA30036882A /* PlayerStickHeroTests.xctest */;
			productType = "com.apple.product-type.bundle.unit-test";
		};
		6BB08B3D1EF95FA30036882A /* PlayerStickHeroUITests */ = {
			isa = PBXNativeTarget;
			buildConfigurationList = 6BB08B4D1EF95FA30036882A /* Build configuration list for PBXNativeTarget "PlayerStickHeroUITests" */;
			buildPhases = (
				6BB08B3A1EF95FA30036882A /* Sources */,
				6BB08B3B1EF95FA30036882A /* Frameworks */,
				6BB08B3C1EF95FA30036882A /* Resources */,
			);
			buildRules = (
			);
			dependencies = (
				6BB08B401EF95FA30036882A /* PBXTargetDependency */,
			);
			name = PlayerStickHeroUITests;
			productName = PlayerStickHeroUITests;
			productReference = 6BB08B3E1EF95FA30036882A /* PlayerStickHeroUITests.xctest */;
			productType = "com.apple.product-type.bundle.ui-testing";
		};
/* End PBXNativeTarget section */

/* Begin PBXProject section */
		6BB08B171EF95FA30036882A /* Project object */ = {
			isa = PBXProject;
			attributes = {
				LastSwiftUpdateCheck = 0830;
				LastUpgradeCheck = 0830;
				ORGANIZATIONNAME = "安风";
				TargetAttributes = {
					6BB08B1E1EF95FA30036882A = {
						CreatedOnToolsVersion = 8.3.3;
						ProvisioningStyle = Automatic;
					};
					6BB08B321EF95FA30036882A = {
						CreatedOnToolsVersion = 8.3.3;
						ProvisioningStyle = Automatic;
						TestTargetID = 6BB08B1E1EF95FA30036882A;
					};
					6BB08B3D1EF95FA30036882A = {
						CreatedOnToolsVersion = 8.3.3;
						ProvisioningStyle = Automatic;
						TestTargetID = 6BB08B1E1EF95FA30036882A;
					};
				};
			};
			buildConfigurationList = 6BB08B1A1EF95FA30036882A /* Build configuration list for PBXProject "PlayerStickHero" */;
			compatibilityVersion = "Xcode 3.2";
			developmentRegion = English;
			hasScannedForEncodings = 0;
			knownRegions = (
				en,
				Base,
			);
			mainGroup = 6BB08B161EF95FA30036882A;
			productRefGroup = 6BB08B201EF95FA30036882A /* Products */;
			projectDirPath = "";
			projectRoot = "";
			targets = (
				6BB08B1E1EF95FA30036882A /* PlayerStickHero */,
				6BB08B321EF95FA30036882A /* PlayerStickHeroTests */,
				6BB08B3D1EF95FA30036882A /* PlayerStickHeroUITests */,
			);
		};
/* End PBXProject section */

/* Begin PBXResourcesBuildPhase section */
		6BB08B1D1EF95FA30036882A /* Resources */ = {
			isa = PBXResourcesBuildPhase;
			buildActionMask = 2147483647;
			files = (
				6BB08B2D1EF95FA30036882A /* LaunchScreen.storyboard in Resources */,
				6BB08B2A1EF95FA30036882A /* Assets.xcassets in Resources */,
				6BB08B281EF95FA30036882A /* Main.storyboard in Resources */,
			);
			runOnlyForDeploymentPostprocessing = 0;
		};
		6BB08B311EF95FA30036882A /* Resources */ = {
			isa = PBXResourcesBuildPhase;
			buildActionMask = 2147483647;
			files = (
			);
			runOnlyForDeploymentPostprocessing = 0;
		};
		6BB08B3C1EF95FA30036882A /* Resources */ = {
			isa = PBXResourcesBuildPhase;
			buildActionMask = 2147483647;
			files = (
			);
			runOnlyForDeploymentPostprocessing = 0;
		};
/* End PBXResourcesBuildPhase section */

/* Begin PBXSourcesBuildPhase section */
		6BB08B1B1EF95FA30036882A /* Sources */ = {
			isa = PBXSourcesBuildPhase;
			buildActionMask = 2147483647;
			files = (
				6BB08B251EF95FA30036882A /* ViewController.swift in Sources */,
				6BB08B231EF95FA30036882A /* AppDelegate.swift in Sources */,
			);
			runOnlyForDeploymentPostprocessing = 0;
		};
		6BB08B2F1EF95FA30036882A /* Sources */ = {
			isa = PBXSourcesBuildPhase;
			buildActionMask = 2147483647;
			files = (
				6BB08B381EF95FA30036882A /* PlayerStickHeroTests.swift in Sources */,
			);
			runOnlyForDeploymentPostprocessing = 0;
		};
		6BB08B3A1EF95FA30036882A /* Sources */ = {
			isa = PBXSourcesBuildPhase;
			buildActionMask = 2147483647;
			files = (
				6BB08B431EF95FA30036882A /* PlayerStickHeroUITests.swift in Sources */,
			);
			runOnlyForDeploymentPostprocessing = 0;
		};
/* End PBXSourcesBuildPhase section */

/* Begin PBXTargetDependency section */
		6BB08B351EF95FA30036882A /* PBXTargetDependency */ = {
			isa = PBXTargetDependency;
			target = 6BB08B1E1EF95FA30036882A /* PlayerStickHero */;
			targetProxy = 6BB08B341EF95FA30036882A /* PBXContainerItemProxy */;
		};
		6BB08B401EF95FA30036882A /* PBXTargetDependency */ = {
			isa = PBXTargetDependency;
			target = 6BB08B1E1EF95FA30036882A /* PlayerStickHero */;
			targetProxy = 6BB08B3F1EF95FA30036882A /* PBXContainerItemProxy */;
		};
/* End PBXTargetDependency section */

/* Begin PBXVariantGroup section */
		6BB08B261EF95FA30036882A /* Main.storyboard */ = {
			isa = PBXVariantGroup;
			children = (
				6BB08B271EF95FA30036882A /* Base */,
			);
			name = Main.storyboard;
			sourceTree = "<group>";
		};
		6BB08B2B1EF95FA30036882A /* LaunchScreen.storyboard */ = {
			isa = PBXVariantGroup;
			children = (
				6BB08B2C1EF95FA30036882A /* Base */,
			);
			name = LaunchScreen.storyboard;
			sourceTree = "<group>";
		};
/* End PBXVariantGroup section */

/* Begin XCBuildConfiguration section */
		6BB08B451EF95FA30036882A /* Debug */ = {
			isa = XCBuildConfiguration;
			buildSettings = {
				ALWAYS_SEARCH_USER_PATHS = NO;
				CLANG_ANALYZER_NONNULL = YES;
				CLANG_ANALYZER_NUMBER_OBJECT_CONVERSION = YES_AGGRESSIVE;
				CLANG_CXX_LANGUAGE_STANDARD = "gnu++0x";
				CLANG_CXX_LIBRARY = "libc++";
				CLANG_ENABLE_MODULES = YES;
				CLANG_ENABLE_OBJC_ARC = YES;
				CLANG_WARN_BOOL_CONVERSION = YES;
				CLANG_WARN_CONSTANT_CONVERSION = YES;
				CLANG_WARN_DIRECT_OBJC_ISA_USAGE = YES_ERROR;
				CLANG_WARN_DOCUMENTATION_COMMENTS = YES;
				CLANG_WARN_EMPTY_BODY = YES;
				CLANG_WARN_ENUM_CONVERSION = YES;
				CLANG_WARN_INFINITE_RECURSION = YES;
				CLANG_WARN_INT_CONVERSION = YES;
				CLANG_WARN_OBJC_ROOT_CLASS = YES_ERROR;
				CLANG_WARN_SUSPICIOUS_MOVE = YES;
				CLANG_WARN_UNREACHABLE_CODE = YES;
				CLANG_WARN__DUPLICATE_METHOD_MATCH = YES;
				"CODE_SIGN_IDENTITY[sdk=iphoneos*]" = "iPhone Developer";
				COPY_PHASE_STRIP = NO;
				DEBUG_INFORMATION_FORMAT = dwarf;
				ENABLE_STRICT_OBJC_MSGSEND = YES;
				ENABLE_TESTABILITY = YES;
				GCC_C_LANGUAGE_STANDARD = gnu99;
				GCC_DYNAMIC_NO_PIC = NO;
				GCC_NO_COMMON_BLOCKS = YES;
				GCC_OPTIMIZATION_LEVEL = 0;
				GCC_PREPROCESSOR_DEFINITIONS = (
					"DEBUG=1",
					"$(inherited)",
				);
				GCC_WARN_64_TO_32_BIT_CONVERSION = YES;
				GCC_WARN_ABOUT_RETURN_TYPE = YES_ERROR;
				GCC_WARN_UNDECLARED_SELECTOR = YES;
				GCC_WARN_UNINITIALIZED_AUTOS = YES_AGGRESSIVE;
				GCC_WARN_UNUSED_FUNCTION = YES;
				GCC_WARN_UNUSED_VARIABLE = YES;
				IPHONEOS_DEPLOYMENT_TARGET = 10.3;
				MTL_ENABLE_DEBUG_INFO = YES;
				ONLY_ACTIVE_ARCH = YES;
				SDKROOT = iphoneos;
				SWIFT_ACTIVE_COMPILATION_CONDITIONS = DEBUG;
				SWIFT_OPTIMIZATION_LEVEL = "-Onone";
			};
			name = Debug;
		};
		6BB08B461EF95FA30036882A /* Release */ = {
			isa = XCBuildConfiguration;
			buildSettings = {
				ALWAYS_SEARCH_USER_PATHS = NO;
				CLANG_ANALYZER_NONNULL = YES;
				CLANG_ANALYZER_NUMBER_OBJECT_CONVERSION = YES_AGGRESSIVE;
				CLANG_CXX_LANGUAGE_STANDARD = "gnu++0x";
				CLANG_CXX_LIBRARY = "libc++";
				CLANG_ENABLE_MODULES = YES;
				CLANG_ENABLE_OBJC_ARC = YES;
				CLANG_WARN_BOOL_CONVERSION = YES;
				CLANG_WARN_CONSTANT_CONVERSION = YES;
				CLANG_WARN_DIRECT_OBJC_ISA_USAGE = YES_ERROR;
				CLANG_WARN_DOCUMENTATION_COMMENTS = YES;
				CLANG_WARN_EMPTY_BODY = YES;
				CLANG_WARN_ENUM_CONVERSION = YES;
				CLANG_WARN_INFINITE_RECURSION = YES;
				CLANG_WARN_INT_CONVERSION = YES;
				CLANG_WARN_OBJC_ROOT_CLASS = YES_ERROR;
				CLANG_WARN_SUSPICIOUS_MOVE = YES;
				CLANG_WARN_UNREACHABLE_CODE = YES;
				CLANG_WARN__DUPLICATE_METHOD_MATCH = YES;
				"CODE_SIGN_IDENTITY[sdk=iphoneos*]" = "iPhone Developer";
				COPY_PHASE_STRIP = NO;
				DEBUG_INFORMATION_FORMAT = "dwarf-with-dsym";
				ENABLE_NS_ASSERTIONS = NO;
				ENABLE_STRICT_OBJC_MSGSEND = YES;
				GCC_C_LANGUAGE_STANDARD = gnu99;
				GCC_NO_COMMON_BLOCKS = YES;
				GCC_WARN_64_TO_32_BIT_CONVERSION = YES;
				GCC_WARN_ABOUT_RETURN_TYPE = YES_ERROR;
				GCC_WARN_UNDECLARED_SELECTOR = YES;
				GCC_WARN_UNINITIALIZED_AUTOS = YES_AGGRESSIVE;
				GCC_WARN_UNUSED_FUNCTION = YES;
				GCC_WARN_UNUSED_VARIABLE = YES;
				IPHONEOS_DEPLOYMENT_TARGET = 10.3;
				MTL_ENABLE_DEBUG_INFO = NO;
				SDKROOT = iphoneos;
				SWIFT_OPTIMIZATION_LEVEL = "-Owholemodule";
				VALIDATE_PRODUCT = YES;
			};
			name = Release;
		};
		6BB08B481EF95FA30036882A /* Debug */ = {
			isa = XCBuildConfiguration;
			buildSettings = {
				ASSETCATALOG_COMPILER_APPICON_NAME = AppIcon;
				INFOPLIST_FILE = PlayerStickHero/Info.plist;
				LD_RUNPATH_SEARCH_PATHS = "$(inherited) @executable_path/Frameworks";
				PRODUCT_BUNDLE_IDENTIFIER = com.anfeng.StickHero.PlayerStickHero;
				PRODUCT_NAME = "$(TARGET_NAME)";
				SWIFT_VERSION = 3.0;
			};
			name = Debug;
		};
		6BB08B491EF95FA30036882A /* Release */ = {
			isa = XCBuildConfiguration;
			buildSettings = {
				ASSETCATALOG_COMPILER_APPICON_NAME = AppIcon;
				INFOPLIST_FILE = PlayerStickHero/Info.plist;
				LD_RUNPATH_SEARCH_PATHS = "$(inherited) @executable_path/Frameworks";
				PRODUCT_BUNDLE_IDENTIFIER = com.anfeng.StickHero.PlayerStickHero;
				PRODUCT_NAME = "$(TARGET_NAME)";
				SWIFT_VERSION = 3.0;
			};
			name = Release;
		};
		6BB08B4B1EF95FA30036882A /* Debug */ = {
			isa = XCBuildConfiguration;
			buildSettings = {
				ALWAYS_EMBED_SWIFT_STANDARD_LIBRARIES = YES;
				BUNDLE_LOADER = "$(TEST_HOST)";
				INFOPLIST_FILE = PlayerStickHeroTests/Info.plist;
				LD_RUNPATH_SEARCH_PATHS = "$(inherited) @executable_path/Frameworks @loader_path/Frameworks";
				PRODUCT_BUNDLE_IDENTIFIER = com.anfeng.StickHero.PlayerStickHeroTests;
				PRODUCT_NAME = "$(TARGET_NAME)";
				SWIFT_VERSION = 3.0;
				TEST_HOST = "$(BUILT_PRODUCTS_DIR)/PlayerStickHero.app/PlayerStickHero";
			};
			name = Debug;
		};
		6BB08B4C1EF95FA30036882A /* Release */ = {
			isa = XCBuildConfiguration;
			buildSettings = {
				ALWAYS_EMBED_SWIFT_STANDARD_LIBRARIES = YES;
				BUNDLE_LOADER = "$(TEST_HOST)";
				INFOPLIST_FILE = PlayerStickHeroTests/Info.plist;
				LD_RUNPATH_SEARCH_PATHS = "$(inherited) @executable_path/Frameworks @loader_path/Frameworks";
				PRODUCT_BUNDLE_IDENTIFIER = com.anfeng.StickHero.PlayerStickHeroTests;
				PRODUCT_NAME = "$(TARGET_NAME)";
				SWIFT_VERSION = 3.0;
				TEST_HOST = "$(BUILT_PRODUCTS_DIR)/PlayerStickHero.app/PlayerStickHero";
			};
			name = Release;
		};
		6BB08B4E1EF95FA30036882A /* Debug */ = {
			isa = XCBuildConfiguration;
			buildSettings = {
				ALWAYS_EMBED_SWIFT_STANDARD_LIBRARIES = YES;
				INFOPLIST_FILE = PlayerStickHeroUITests/Info.plist;
				LD_RUNPATH_SEARCH_PATHS = "$(inherited) @executable_path/Frameworks @loader_path/Frameworks";
				PRODUCT_BUNDLE_IDENTIFIER = com.anfeng.StickHero.PlayerStickHeroUITests;
				PRODUCT_NAME = "$(TARGET_NAME)";
				SWIFT_VERSION = 3.0;
				TEST_TARGET_NAME = PlayerStickHero;
			};
			name = Debug;
		};
		6BB08B4F1EF95FA30036882A /* Release */ = {
			isa = XCBuildConfiguration;
			buildSettings = {
				ALWAYS_EMBED_SWIFT_STANDARD_LIBRARIES = YES;
				INFOPLIST_FILE = PlayerStickHeroUITests/Info.plist;
				LD_RUNPATH_SEARCH_PATHS = "$(inherited) @executable_path/Frameworks @loader_path/Frameworks";
				PRODUCT_BUNDLE_IDENTIFIER = com.anfeng.StickHero.PlayerStickHeroUITests;
				PRODUCT_NAME = "$(TARGET_NAME)";
				SWIFT_VERSION = 3.0;
				TEST_TARGET_NAME = PlayerStickHero;
			};
			name = Release;
		};
/* End XCBuildConfiguration section */

/* Begin XCConfigurationList section */
		6BB08B1A1EF95FA30036882A /* Build configuration list for PBXProject "PlayerStickHero" */ = {
			isa = XCConfigurationList;
			buildConfigurations = (
				6BB08B451EF95FA30036882A /* Debug */,
				6BB08B461EF95FA30036882A /* Release */,
			);
			defaultConfigurationIsVisible = 0;
			defaultConfigurationName = Release;
		};
		6BB08B471EF95FA30036882A /* Build configuration list for PBXNativeTarget "PlayerStickHero" */ = {
			isa = XCConfigurationList;
			buildConfigurations = (
				6BB08B481EF95FA30036882A /* Debug */,
				6BB08B491EF95FA30036882A /* Release */,
			);
			defaultConfigurationIsVisible = 0;
		};
		6BB08B4A1EF95FA30036882A /* Build configuration list for PBXNativeTarget "PlayerStickHeroTests" */ = {
			isa = XCConfigurationList;
			buildConfigurations = (
				6BB08B4B1EF95FA30036882A /* Debug */,
				6BB08B4C1EF95FA30036882A /* Release */,
			);
			defaultConfigurationIsVisible = 0;
		};
		6BB08B4D1EF95FA30036882A /* Build configuration list for PBXNativeTarget "PlayerStickHeroUITests" */ = {
			isa = XCConfigurationList;
			buildConfigurations = (
				6BB08B4E1EF95FA30036882A /* Debug */,
				6BB08B4F1EF95FA30036882A /* Release */,
			);
			defaultConfigurationIsVisible = 0;
		};
/* End XCConfigurationList section */
	};
	rootObject = 6BB08B171EF95FA30036882A /* Project object */;
}
